PODS:
  - Alamofire (4.7.2)
  - Bolts (1.9.0):
    - Bolts/AppLinks (= 1.9.0)
    - Bolts/Tasks (= 1.9.0)
  - Bolts/AppLinks (1.9.0):
    - Bolts/Tasks
  - Bolts/Tasks (1.9.0)
  - Cosmos (16.0.0)
  - EmptyDataSet-Swift (4.0.4)
  - FacebookCore (0.3.0):
    - Bolts (~> 1.8)
    - FBSDKCoreKit (~> 4.27)
  - FacebookLogin (0.3.0):
    - Bolts (~> 1.8)
    - FacebookCore (~> 0.3)
    - FBSDKCoreKit (~> 4.27)
    - FBSDKLoginKit (~> 4.27)
  - FBSDKCoreKit (4.33.0):
    - Bolts (~> 1.7)
  - FBSDKLoginKit (4.33.0):
    - FBSDKCoreKit
  - GrowingTextView (0.5.6)
  - IQKeyboardManagerSwift (6.0.3)
  - MaterialComponents/AnimationTiming (54.13.0)
  - MaterialComponents/BottomAppBar (54.13.0):
    - MaterialComponents/Buttons
    - MaterialComponents/NavigationBar
    - MaterialComponents/private/Math
    - MDFInternationalization
  - MaterialComponents/ButtonBar (54.13.0):
    - MaterialComponents/Buttons
    - MDFInternationalization
  - MaterialComponents/Buttons (54.13.0):
    - MaterialComponents/Ink
    - MaterialComponents/private/Math
    - MaterialComponents/private/Shapes
    - MaterialComponents/ShadowElevations
    - MaterialComponents/ShadowLayer
    - MaterialComponents/Typography
    - MDFInternationalization
    - MDFTextAccessibility
  - MaterialComponents/Ink (54.13.0):
    - MaterialComponents/private/Math
  - MaterialComponents/NavigationBar (54.13.0):
    - MaterialComponents/ButtonBar
    - MaterialComponents/private/Math
    - MaterialComponents/Typography
    - MDFInternationalization
    - MDFTextAccessibility
  - MaterialComponents/Palettes (54.13.0)
  - MaterialComponents/private/Application (54.13.0)
  - MaterialComponents/private/Math (54.13.0)
  - MaterialComponents/private/Shapes (54.13.0):
    - MaterialComponents/private/Math
    - MaterialComponents/ShadowLayer
  - MaterialComponents/schemes/Color (54.13.0)
  - MaterialComponents/schemes/Typography (54.13.0)
  - MaterialComponents/ShadowElevations (54.13.0)
  - MaterialComponents/ShadowLayer (54.13.0):
    - MaterialComponents/ShadowElevations
  - MaterialComponents/TextFields (54.13.0):
    - MaterialComponents/AnimationTiming
    - MaterialComponents/Palettes
    - MaterialComponents/private/Math
    - MaterialComponents/Typography
    - MDFInternationalization
  - "MaterialComponents/TextFields+Extensions (54.13.0)":
    - "MaterialComponents/TextFields+Extensions/ColorThemer (= 54.13.0)"
    - "MaterialComponents/TextFields+Extensions/FontThemer (= 54.13.0)"
    - "MaterialComponents/TextFields+Extensions/TypographyThemer (= 54.13.0)"
  - "MaterialComponents/TextFields+Extensions/ColorThemer (54.13.0)":
    - MaterialComponents/TextFields
    - MaterialComponents/Themes
  - "MaterialComponents/TextFields+Extensions/FontThemer (54.13.0)":
    - MaterialComponents/TextFields
    - MaterialComponents/Themes
  - "MaterialComponents/TextFields+Extensions/TypographyThemer (54.13.0)":
    - MaterialComponents/schemes/Typography
    - MaterialComponents/TextFields
  - MaterialComponents/Themes (54.13.0):
    - MaterialComponents/schemes/Color
    - MaterialComponents/schemes/Typography
  - MaterialComponents/Typography (54.13.0):
    - MaterialComponents/private/Application
  - MDFInternationalization (1.0.4)
  - MDFTextAccessibility (1.2.0)
  - RSKImageCropper (2.0.1)
  - SDWebImage (4.3.2):
    - SDWebImage/Core (= 4.3.2)
  - SDWebImage/Core (4.3.2)
  - SwiftyJSON (3.1.4)

DEPENDENCIES:
  - Alamofire
  - Cosmos
  - EmptyDataSet-Swift
  - FacebookCore
  - FacebookLogin
  - GrowingTextView
  - IQKeyboardManagerSwift
  - MaterialComponents/BottomAppBar
  - "MaterialComponents/TextFields+Extensions"
  - RSKImageCropper
  - SDWebImage (= 4.3.2)
  - SwiftyJSON (= 3.1.4)

SPEC REPOS:
  https://github.com/CocoaPods/Specs.git:
    - Alamofire
    - Bolts
    - Cosmos
    - EmptyDataSet-Swift
    - FacebookCore
    - FacebookLogin
    - FBSDKCoreKit
    - FBSDKLoginKit
    - GrowingTextView
    - IQKeyboardManagerSwift
    - MaterialComponents
    - MDFInternationalization
    - MDFTextAccessibility
    - RSKImageCropper
    - SDWebImage
    - SwiftyJSON

SPEC CHECKSUMS:
  Alamofire: e4fa87002c137ba2d8d634d2c51fabcda0d5c223
  Bolts: ac6567323eac61e203f6a9763667d0f711be34c8
  Cosmos: 7bcee0fa858a9355a214f2a181be5dffcee42c81
  EmptyDataSet-Swift: 935ce169c6d4abe371bbc5dd92bcf9ee4dddb1bd
  FacebookCore: 3ffa190a3f1f96cec0e44d3fc221bc322c595ffa
  FacebookLogin: 0af839ea858faef99550d16596b87b4a8e8906e6
  FBSDKCoreKit: 572b047a7e029bc44542bcf8a59414e7ff2b543e
  FBSDKLoginKit: 88cb456349cfb3b554427ce4f8b43729d85dfb40
  GrowingTextView: 8958f4fb7419de58dd622021b2d0696487e00e70
  IQKeyboardManagerSwift: 04e8679f85e496bb2c474eeb9284052f1b3c391c
  MaterialComponents: 3399c262334c35e4994a7b25ad1e9a3ce48dce07
  MDFInternationalization: e355b0cebecf53d60233bd267084e49366c82513
  MDFTextAccessibility: 94098925e0853551c5a311ce7c1ecefbe297cdb6
  RSKImageCropper: 50d5a3e4160f0309b14d75b89d5ae2f496d56e0d
  SDWebImage: 29bd3c0bc1f01e5eb59720847c64ad4c4ca1af5d
  SwiftyJSON: c2842d878f95482ffceec5709abc3d05680c0220

PODFILE CHECKSUM: 61ce5e8c5bc6479e0169598d5e46d62e74ce67b3

COCOAPODS: 1.5.0
