// !$*UTF8*$!
{
	archiveVersion = 1;
	classes = {
	};
	objectVersion = 48;
	objects = {

/* Begin PBXBuildFile section */
		5E0C261F20744E5500CB363A /* SWRevealViewController.m in Sources */ = {isa = PBXBuildFile; fileRef = 5E0C261D20744E5500CB363A /* SWRevealViewController.m */; };
		5E0C262020744E5500CB363A /* SWRevealViewController.m in Sources */ = {isa = PBXBuildFile; fileRef = 5E0C261D20744E5500CB363A /* SWRevealViewController.m */; };
		5E0C262220744F4100CB363A /* MenuVC.swift in Sources */ = {isa = PBXBuildFile; fileRef = 5E0C262120744F4100CB363A /* MenuVC.swift */; };
		5E0C262320744F4100CB363A /* MenuVC.swift in Sources */ = {isa = PBXBuildFile; fileRef = 5E0C262120744F4100CB363A /* MenuVC.swift */; };
		5E0C262520744F7500CB363A /* ExploreVC.swift in Sources */ = {isa = PBXBuildFile; fileRef = 5E0C262420744F7500CB363A /* ExploreVC.swift */; };
		5E0C262620744F7500CB363A /* ExploreVC.swift in Sources */ = {isa = PBXBuildFile; fileRef = 5E0C262420744F7500CB363A /* ExploreVC.swift */; };
		5E0C2628207459AD00CB363A /* CircleImage.swift in Sources */ = {isa = PBXBuildFile; fileRef = 5E0C2627207459AD00CB363A /* CircleImage.swift */; };
		5E0C2629207459AD00CB363A /* CircleImage.swift in Sources */ = {isa = PBXBuildFile; fileRef = 5E0C2627207459AD00CB363A /* CircleImage.swift */; };
		5E0C262B2074660800CB363A /* MenuCell.swift in Sources */ = {isa = PBXBuildFile; fileRef = 5E0C262A2074660800CB363A /* MenuCell.swift */; };
		5E0C262C2074660800CB363A /* MenuCell.swift in Sources */ = {isa = PBXBuildFile; fileRef = 5E0C262A2074660800CB363A /* MenuCell.swift */; };
		5E123B662141DF4B007BD6E7 /* CategoryVC.swift in Sources */ = {isa = PBXBuildFile; fileRef = 5E123B652141DF4B007BD6E7 /* CategoryVC.swift */; };
		5E123B6A2141EEC0007BD6E7 /* CategoryCell.swift in Sources */ = {isa = PBXBuildFile; fileRef = 5E123B692141EEC0007BD6E7 /* CategoryCell.swift */; };
		5E123B6C2141EEDD007BD6E7 /* CategoryTableViewCell.swift in Sources */ = {isa = PBXBuildFile; fileRef = 5E123B6B2141EEDD007BD6E7 /* CategoryTableViewCell.swift */; };
		5E123B6E2141EF73007BD6E7 /* CategoryList.swift in Sources */ = {isa = PBXBuildFile; fileRef = 5E123B6D2141EF73007BD6E7 /* CategoryList.swift */; };
		5E123B702141F213007BD6E7 /* PromotionsCell.swift in Sources */ = {isa = PBXBuildFile; fileRef = 5E123B6F2141F213007BD6E7 /* PromotionsCell.swift */; };
		5E123B7221427BFA007BD6E7 /* PromotionsList.swift in Sources */ = {isa = PBXBuildFile; fileRef = 5E123B7121427BFA007BD6E7 /* PromotionsList.swift */; };
		5E123B7421427C94007BD6E7 /* PromoCollectionViewCell.swift in Sources */ = {isa = PBXBuildFile; fileRef = 5E123B7321427C94007BD6E7 /* PromoCollectionViewCell.swift */; };
		5E123B7621428FA1007BD6E7 /* Category.swift in Sources */ = {isa = PBXBuildFile; fileRef = 5E123B7521428FA1007BD6E7 /* Category.swift */; };
		5E123B7821428FB0007BD6E7 /* Promotion.swift in Sources */ = {isa = PBXBuildFile; fileRef = 5E123B7721428FB0007BD6E7 /* Promotion.swift */; };
		5E19CCC920573A0D00AF5BBF /* AppDelegate.swift in Sources */ = {isa = PBXBuildFile; fileRef = 5E19CCC820573A0D00AF5BBF /* AppDelegate.swift */; };
		5E19CCCB20573A0D00AF5BBF /* ViewController.swift in Sources */ = {isa = PBXBuildFile; fileRef = 5E19CCCA20573A0D00AF5BBF /* ViewController.swift */; };
		5E19CCCE20573A0D00AF5BBF /* Main.storyboard in Resources */ = {isa = PBXBuildFile; fileRef = 5E19CCCC20573A0D00AF5BBF /* Main.storyboard */; };
		5E19CCD120573A0D00AF5BBF /* Ruka.xcdatamodeld in Sources */ = {isa = PBXBuildFile; fileRef = 5E19CCCF20573A0D00AF5BBF /* Ruka.xcdatamodeld */; };
		5E19CCD320573A0D00AF5BBF /* Assets.xcassets in Resources */ = {isa = PBXBuildFile; fileRef = 5E19CCD220573A0D00AF5BBF /* Assets.xcassets */; };
		5E19CCD620573A0D00AF5BBF /* LaunchScreen.storyboard in Resources */ = {isa = PBXBuildFile; fileRef = 5E19CCD420573A0D00AF5BBF /* LaunchScreen.storyboard */; };
		5E19CCE120573A0D00AF5BBF /* RukaTests.swift in Sources */ = {isa = PBXBuildFile; fileRef = 5E19CCE020573A0D00AF5BBF /* RukaTests.swift */; };
		5E19CCEC20573A0D00AF5BBF /* RukaUITests.swift in Sources */ = {isa = PBXBuildFile; fileRef = 5E19CCEB20573A0D00AF5BBF /* RukaUITests.swift */; };
		5E19CCFF20573DBC00AF5BBF /* RootViewController.swift in Sources */ = {isa = PBXBuildFile; fileRef = 5E19CCFE20573DBC00AF5BBF /* RootViewController.swift */; };
		5E2BDD3B207A08B4007717BF /* AddServiceVC.swift in Sources */ = {isa = PBXBuildFile; fileRef = 5E2BDD3A207A08B4007717BF /* AddServiceVC.swift */; };
		5E2BDD3C207A08B4007717BF /* AddServiceVC.swift in Sources */ = {isa = PBXBuildFile; fileRef = 5E2BDD3A207A08B4007717BF /* AddServiceVC.swift */; };
		5E2BDD3D207A08B4007717BF /* AddServiceVC.swift in Sources */ = {isa = PBXBuildFile; fileRef = 5E2BDD3A207A08B4007717BF /* AddServiceVC.swift */; };
		5E2BDD3F207A0F37007717BF /* ServiceDetail.swift in Sources */ = {isa = PBXBuildFile; fileRef = 5E2BDD3E207A0F37007717BF /* ServiceDetail.swift */; };
		5E2BDD40207A0F37007717BF /* ServiceDetail.swift in Sources */ = {isa = PBXBuildFile; fileRef = 5E2BDD3E207A0F37007717BF /* ServiceDetail.swift */; };
		5E2BDD41207A0F37007717BF /* ServiceDetail.swift in Sources */ = {isa = PBXBuildFile; fileRef = 5E2BDD3E207A0F37007717BF /* ServiceDetail.swift */; };
		5E2BDD44207A1A6F007717BF /* ParallaxHeaderView.m in Sources */ = {isa = PBXBuildFile; fileRef = 5E2BDD43207A1A6F007717BF /* ParallaxHeaderView.m */; };
		5E2BDD45207A1A6F007717BF /* ParallaxHeaderView.m in Sources */ = {isa = PBXBuildFile; fileRef = 5E2BDD43207A1A6F007717BF /* ParallaxHeaderView.m */; };
		5E2BDD46207A1A6F007717BF /* ParallaxHeaderView.m in Sources */ = {isa = PBXBuildFile; fileRef = 5E2BDD43207A1A6F007717BF /* ParallaxHeaderView.m */; };
		5E2BDD49207A1A9F007717BF /* UIImage+ImageEffects.m in Sources */ = {isa = PBXBuildFile; fileRef = 5E2BDD47207A1A9F007717BF /* UIImage+ImageEffects.m */; };
		5E2BDD4A207A1A9F007717BF /* UIImage+ImageEffects.m in Sources */ = {isa = PBXBuildFile; fileRef = 5E2BDD47207A1A9F007717BF /* UIImage+ImageEffects.m */; };
		5E2BDD4B207A1A9F007717BF /* UIImage+ImageEffects.m in Sources */ = {isa = PBXBuildFile; fileRef = 5E2BDD47207A1A9F007717BF /* UIImage+ImageEffects.m */; };
		5E2BDD4D207A1B4D007717BF /* ServiceDetailCell.swift in Sources */ = {isa = PBXBuildFile; fileRef = 5E2BDD4C207A1B4D007717BF /* ServiceDetailCell.swift */; };
		5E2BDD4E207A1B4D007717BF /* ServiceDetailCell.swift in Sources */ = {isa = PBXBuildFile; fileRef = 5E2BDD4C207A1B4D007717BF /* ServiceDetailCell.swift */; };
		5E2BDD4F207A1B4D007717BF /* ServiceDetailCell.swift in Sources */ = {isa = PBXBuildFile; fileRef = 5E2BDD4C207A1B4D007717BF /* ServiceDetailCell.swift */; };
		5E2BDD51207A364C007717BF /* CircularButton.swift in Sources */ = {isa = PBXBuildFile; fileRef = 5E2BDD50207A364C007717BF /* CircularButton.swift */; };
		5E2BDD52207A364C007717BF /* CircularButton.swift in Sources */ = {isa = PBXBuildFile; fileRef = 5E2BDD50207A364C007717BF /* CircularButton.swift */; };
		5E2BDD53207A364C007717BF /* CircularButton.swift in Sources */ = {isa = PBXBuildFile; fileRef = 5E2BDD50207A364C007717BF /* CircularButton.swift */; };
		5E2BDD55207A493D007717BF /* AddServiceCell.swift in Sources */ = {isa = PBXBuildFile; fileRef = 5E2BDD54207A493D007717BF /* AddServiceCell.swift */; };
		5E2BDD56207A493D007717BF /* AddServiceCell.swift in Sources */ = {isa = PBXBuildFile; fileRef = 5E2BDD54207A493D007717BF /* AddServiceCell.swift */; };
		5E2BDD57207A493D007717BF /* AddServiceCell.swift in Sources */ = {isa = PBXBuildFile; fileRef = 5E2BDD54207A493D007717BF /* AddServiceCell.swift */; };
		5E2BDD59207A4BF6007717BF /* PhotosCell.swift in Sources */ = {isa = PBXBuildFile; fileRef = 5E2BDD58207A4BF6007717BF /* PhotosCell.swift */; };
		5E2BDD5A207A4BF6007717BF /* PhotosCell.swift in Sources */ = {isa = PBXBuildFile; fileRef = 5E2BDD58207A4BF6007717BF /* PhotosCell.swift */; };
		5E2BDD5B207A4BF6007717BF /* PhotosCell.swift in Sources */ = {isa = PBXBuildFile; fileRef = 5E2BDD58207A4BF6007717BF /* PhotosCell.swift */; };
		5E2BDD5D207A4C0F007717BF /* PhotosCollectionViewController.swift in Sources */ = {isa = PBXBuildFile; fileRef = 5E2BDD5C207A4C0F007717BF /* PhotosCollectionViewController.swift */; };
		5E2BDD5E207A4C0F007717BF /* PhotosCollectionViewController.swift in Sources */ = {isa = PBXBuildFile; fileRef = 5E2BDD5C207A4C0F007717BF /* PhotosCollectionViewController.swift */; };
		5E2BDD5F207A4C0F007717BF /* PhotosCollectionViewController.swift in Sources */ = {isa = PBXBuildFile; fileRef = 5E2BDD5C207A4C0F007717BF /* PhotosCollectionViewController.swift */; };
		5E386C59205D655600EF7F82 /* RegisterViewController.swift in Sources */ = {isa = PBXBuildFile; fileRef = 5E386C58205D655600EF7F82 /* RegisterViewController.swift */; };
		5E386C5A205D655600EF7F82 /* RegisterViewController.swift in Sources */ = {isa = PBXBuildFile; fileRef = 5E386C58205D655600EF7F82 /* RegisterViewController.swift */; };
		5E386C5B205D655600EF7F82 /* RegisterViewController.swift in Sources */ = {isa = PBXBuildFile; fileRef = 5E386C58205D655600EF7F82 /* RegisterViewController.swift */; };
		5E386C5D205D7B4500EF7F82 /* FloatingLabelTextField.swift in Sources */ = {isa = PBXBuildFile; fileRef = 5E386C5C205D7B4500EF7F82 /* FloatingLabelTextField.swift */; };
		5E386C5E205D7B4500EF7F82 /* FloatingLabelTextField.swift in Sources */ = {isa = PBXBuildFile; fileRef = 5E386C5C205D7B4500EF7F82 /* FloatingLabelTextField.swift */; };
		5E386C5F205D7B4500EF7F82 /* FloatingLabelTextField.swift in Sources */ = {isa = PBXBuildFile; fileRef = 5E386C5C205D7B4500EF7F82 /* FloatingLabelTextField.swift */; };
		5E386C61205D7F0900EF7F82 /* LoginCell.swift in Sources */ = {isa = PBXBuildFile; fileRef = 5E386C60205D7F0900EF7F82 /* LoginCell.swift */; };
		5E386C62205D7F0900EF7F82 /* LoginCell.swift in Sources */ = {isa = PBXBuildFile; fileRef = 5E386C60205D7F0900EF7F82 /* LoginCell.swift */; };
		5E386C63205D7F0900EF7F82 /* LoginCell.swift in Sources */ = {isa = PBXBuildFile; fileRef = 5E386C60205D7F0900EF7F82 /* LoginCell.swift */; };
		5E386C65205D809300EF7F82 /* GradientButton.swift in Sources */ = {isa = PBXBuildFile; fileRef = 5E386C64205D809300EF7F82 /* GradientButton.swift */; };
		5E386C66205D809300EF7F82 /* GradientButton.swift in Sources */ = {isa = PBXBuildFile; fileRef = 5E386C64205D809300EF7F82 /* GradientButton.swift */; };
		5E386C67205D809300EF7F82 /* GradientButton.swift in Sources */ = {isa = PBXBuildFile; fileRef = 5E386C64205D809300EF7F82 /* GradientButton.swift */; };
		5E386C69205D84CD00EF7F82 /* GradientView.swift in Sources */ = {isa = PBXBuildFile; fileRef = 5E386C68205D84CD00EF7F82 /* GradientView.swift */; };
		5E386C6A205D84CD00EF7F82 /* GradientView.swift in Sources */ = {isa = PBXBuildFile; fileRef = 5E386C68205D84CD00EF7F82 /* GradientView.swift */; };
		5E386C6B205D84CD00EF7F82 /* GradientView.swift in Sources */ = {isa = PBXBuildFile; fileRef = 5E386C68205D84CD00EF7F82 /* GradientView.swift */; };
		5E386C71205D9A6E00EF7F82 /* Observable.swift in Sources */ = {isa = PBXBuildFile; fileRef = 5E386C70205D9A6E00EF7F82 /* Observable.swift */; };
		5E386C72205D9A6E00EF7F82 /* Observable.swift in Sources */ = {isa = PBXBuildFile; fileRef = 5E386C70205D9A6E00EF7F82 /* Observable.swift */; };
		5E3F7FEF21441E11008268A8 /* ReviewsCell.swift in Sources */ = {isa = PBXBuildFile; fileRef = 5E3F7FED21441E11008268A8 /* ReviewsCell.swift */; };
		5E3F7FF021441E11008268A8 /* ReviewsCell.xib in Resources */ = {isa = PBXBuildFile; fileRef = 5E3F7FEE21441E11008268A8 /* ReviewsCell.xib */; };
		5E4A10F82059C73400D70597 /* AuthenticationService.swift in Sources */ = {isa = PBXBuildFile; fileRef = 5E4A10F72059C73400D70597 /* AuthenticationService.swift */; };
		5E4A10F92059C73400D70597 /* AuthenticationService.swift in Sources */ = {isa = PBXBuildFile; fileRef = 5E4A10F72059C73400D70597 /* AuthenticationService.swift */; };
		5E4A10FC2059C7A600D70597 /* AuthenticationPresenter.swift in Sources */ = {isa = PBXBuildFile; fileRef = 5E4A10FB2059C7A600D70597 /* AuthenticationPresenter.swift */; };
		5E4A10FD2059C7A600D70597 /* AuthenticationPresenter.swift in Sources */ = {isa = PBXBuildFile; fileRef = 5E4A10FB2059C7A600D70597 /* AuthenticationPresenter.swift */; };
		5E4A10FF2059C97A00D70597 /* LoginController.swift in Sources */ = {isa = PBXBuildFile; fileRef = 5E4A10FE2059C97A00D70597 /* LoginController.swift */; };
		5E4A11002059C97A00D70597 /* LoginController.swift in Sources */ = {isa = PBXBuildFile; fileRef = 5E4A10FE2059C97A00D70597 /* LoginController.swift */; };
		5E4A11012059C97A00D70597 /* LoginController.swift in Sources */ = {isa = PBXBuildFile; fileRef = 5E4A10FE2059C97A00D70597 /* LoginController.swift */; };
		5E4A11032059C99F00D70597 /* User.swift in Sources */ = {isa = PBXBuildFile; fileRef = 5E4A11022059C99F00D70597 /* User.swift */; };
		5E4A11042059C99F00D70597 /* User.swift in Sources */ = {isa = PBXBuildFile; fileRef = 5E4A11022059C99F00D70597 /* User.swift */; };
		5E4A11052059C99F00D70597 /* User.swift in Sources */ = {isa = PBXBuildFile; fileRef = 5E4A11022059C99F00D70597 /* User.swift */; };
		5E4A11072059C9C700D70597 /* Constants.swift in Sources */ = {isa = PBXBuildFile; fileRef = 5E4A11062059C9C700D70597 /* Constants.swift */; };
		5E4A11082059C9C700D70597 /* Constants.swift in Sources */ = {isa = PBXBuildFile; fileRef = 5E4A11062059C9C700D70597 /* Constants.swift */; };
		5E4A11092059C9C700D70597 /* Constants.swift in Sources */ = {isa = PBXBuildFile; fileRef = 5E4A11062059C9C700D70597 /* Constants.swift */; };
		5E4A110B2059C9D700D70597 /* Extension.swift in Sources */ = {isa = PBXBuildFile; fileRef = 5E4A110A2059C9D700D70597 /* Extension.swift */; };
		5E4A110C2059C9D700D70597 /* Extension.swift in Sources */ = {isa = PBXBuildFile; fileRef = 5E4A110A2059C9D700D70597 /* Extension.swift */; };
		5E4A110D2059C9D700D70597 /* Extension.swift in Sources */ = {isa = PBXBuildFile; fileRef = 5E4A110A2059C9D700D70597 /* Extension.swift */; };
		5E8E5DE9207945A70059AFC6 /* UIFloatLabelTextView.m in Sources */ = {isa = PBXBuildFile; fileRef = 5E8E5DE7207945A60059AFC6 /* UIFloatLabelTextView.m */; };
		5E8E5DEA2079485F0059AFC6 /* UIFloatLabelTextView.m in Sources */ = {isa = PBXBuildFile; fileRef = 5E8E5DE7207945A60059AFC6 /* UIFloatLabelTextView.m */; };
		5E8E5DEB2079485F0059AFC6 /* UIFloatLabelTextView.m in Sources */ = {isa = PBXBuildFile; fileRef = 5E8E5DE7207945A60059AFC6 /* UIFloatLabelTextView.m */; };
		5EB87A65206F6F80001BE381 /* RegsierCell.swift in Sources */ = {isa = PBXBuildFile; fileRef = 5EB87A64206F6F80001BE381 /* RegsierCell.swift */; };
		5EB87A66206F6F80001BE381 /* RegsierCell.swift in Sources */ = {isa = PBXBuildFile; fileRef = 5EB87A64206F6F80001BE381 /* RegsierCell.swift */; };
		5EB87A67206F6F80001BE381 /* RegsierCell.swift in Sources */ = {isa = PBXBuildFile; fileRef = 5EB87A64206F6F80001BE381 /* RegsierCell.swift */; };
		5EB87A6920705EB0001BE381 /* VOXToast.swift in Sources */ = {isa = PBXBuildFile; fileRef = 5EB87A6820705EB0001BE381 /* VOXToast.swift */; };
		5EB87A6A20705EB0001BE381 /* VOXToast.swift in Sources */ = {isa = PBXBuildFile; fileRef = 5EB87A6820705EB0001BE381 /* VOXToast.swift */; };
		5EB87A6B20705EB0001BE381 /* VOXToast.swift in Sources */ = {isa = PBXBuildFile; fileRef = 5EB87A6820705EB0001BE381 /* VOXToast.swift */; };
		5ED70DE1207628F1005A285E /* NoDataView.xib in Resources */ = {isa = PBXBuildFile; fileRef = 5ED70DE0207628F1005A285E /* NoDataView.xib */; };
		5ED70DE32076290D005A285E /* NoDataView.swift in Sources */ = {isa = PBXBuildFile; fileRef = 5ED70DE22076290D005A285E /* NoDataView.swift */; };
		5ED70DE520764687005A285E /* Service.swift in Sources */ = {isa = PBXBuildFile; fileRef = 5ED70DE420764687005A285E /* Service.swift */; };
		5ED70DE620764687005A285E /* Service.swift in Sources */ = {isa = PBXBuildFile; fileRef = 5ED70DE420764687005A285E /* Service.swift */; };
		5ED70DE820764AE8005A285E /* StylistService.swift in Sources */ = {isa = PBXBuildFile; fileRef = 5ED70DE720764AE8005A285E /* StylistService.swift */; };
		5ED70DE920764AE8005A285E /* StylistService.swift in Sources */ = {isa = PBXBuildFile; fileRef = 5ED70DE720764AE8005A285E /* StylistService.swift */; };
		5ED70DEB207652D5005A285E /* ServicePresenter.swift in Sources */ = {isa = PBXBuildFile; fileRef = 5ED70DEA207652D5005A285E /* ServicePresenter.swift */; };
		5ED70DEC207652D5005A285E /* ServicePresenter.swift in Sources */ = {isa = PBXBuildFile; fileRef = 5ED70DEA207652D5005A285E /* ServicePresenter.swift */; };
		5ED70DED207652D5005A285E /* ServicePresenter.swift in Sources */ = {isa = PBXBuildFile; fileRef = 5ED70DEA207652D5005A285E /* ServicePresenter.swift */; };
		5ED70DEF207659ED005A285E /* ExploreCell.swift in Sources */ = {isa = PBXBuildFile; fileRef = 5ED70DEE207659ED005A285E /* ExploreCell.swift */; };
		5ED70DF0207659ED005A285E /* ExploreCell.swift in Sources */ = {isa = PBXBuildFile; fileRef = 5ED70DEE207659ED005A285E /* ExploreCell.swift */; };
		5ED70DF1207659ED005A285E /* ExploreCell.swift in Sources */ = {isa = PBXBuildFile; fileRef = 5ED70DEE207659ED005A285E /* ExploreCell.swift */; };
		5ED70DF320769884005A285E /* CardView.swift in Sources */ = {isa = PBXBuildFile; fileRef = 5ED70DF220769883005A285E /* CardView.swift */; };
		5ED70DF420769884005A285E /* CardView.swift in Sources */ = {isa = PBXBuildFile; fileRef = 5ED70DF220769883005A285E /* CardView.swift */; };
		5ED70DF520769884005A285E /* CardView.swift in Sources */ = {isa = PBXBuildFile; fileRef = 5ED70DF220769883005A285E /* CardView.swift */; };
		5EDEB38B20758BBC0069A81D /* ProfileVC.swift in Sources */ = {isa = PBXBuildFile; fileRef = 5EDEB38A20758BBC0069A81D /* ProfileVC.swift */; };
		5EDEB38C20758BBC0069A81D /* ProfileVC.swift in Sources */ = {isa = PBXBuildFile; fileRef = 5EDEB38A20758BBC0069A81D /* ProfileVC.swift */; };
		5EDEB38D20758BBC0069A81D /* ProfileVC.swift in Sources */ = {isa = PBXBuildFile; fileRef = 5EDEB38A20758BBC0069A81D /* ProfileVC.swift */; };
		5EDEB38F2075A3B70069A81D /* FavouriteVC.swift in Sources */ = {isa = PBXBuildFile; fileRef = 5EDEB38E2075A3B70069A81D /* FavouriteVC.swift */; };
		5EDEB3902075A3B70069A81D /* FavouriteVC.swift in Sources */ = {isa = PBXBuildFile; fileRef = 5EDEB38E2075A3B70069A81D /* FavouriteVC.swift */; };
		5EDEB3912075A3B70069A81D /* FavouriteVC.swift in Sources */ = {isa = PBXBuildFile; fileRef = 5EDEB38E2075A3B70069A81D /* FavouriteVC.swift */; };
		5EDEB3932075A3D00069A81D /* NearVC.swift in Sources */ = {isa = PBXBuildFile; fileRef = 5EDEB3922075A3D00069A81D /* NearVC.swift */; };
		5EDEB3942075A3D00069A81D /* NearVC.swift in Sources */ = {isa = PBXBuildFile; fileRef = 5EDEB3922075A3D00069A81D /* NearVC.swift */; };
		5EDEB3952075A3D00069A81D /* NearVC.swift in Sources */ = {isa = PBXBuildFile; fileRef = 5EDEB3922075A3D00069A81D /* NearVC.swift */; };
		5EDEB3972075A3E40069A81D /* ChatListVC.swift in Sources */ = {isa = PBXBuildFile; fileRef = 5EDEB3962075A3E40069A81D /* ChatListVC.swift */; };
		5EDEB3982075A3E40069A81D /* ChatListVC.swift in Sources */ = {isa = PBXBuildFile; fileRef = 5EDEB3962075A3E40069A81D /* ChatListVC.swift */; };
		5EDEB3992075A3E40069A81D /* ChatListVC.swift in Sources */ = {isa = PBXBuildFile; fileRef = 5EDEB3962075A3E40069A81D /* ChatListVC.swift */; };
		5EED5BF12078CE9B00444958 /* UserService.swift in Sources */ = {isa = PBXBuildFile; fileRef = 5EED5BF02078CE9B00444958 /* UserService.swift */; };
		5EED5BF22078CE9B00444958 /* UserService.swift in Sources */ = {isa = PBXBuildFile; fileRef = 5EED5BF02078CE9B00444958 /* UserService.swift */; };
		5EED5BF32078CE9B00444958 /* UserService.swift in Sources */ = {isa = PBXBuildFile; fileRef = 5EED5BF02078CE9B00444958 /* UserService.swift */; };
		5EED5BF52078CF9700444958 /* UserPresenter.swift in Sources */ = {isa = PBXBuildFile; fileRef = 5EED5BF42078CF9700444958 /* UserPresenter.swift */; };
		5EED5BF62078CF9700444958 /* UserPresenter.swift in Sources */ = {isa = PBXBuildFile; fileRef = 5EED5BF42078CF9700444958 /* UserPresenter.swift */; };
		5EED5BF72078CF9700444958 /* UserPresenter.swift in Sources */ = {isa = PBXBuildFile; fileRef = 5EED5BF42078CF9700444958 /* UserPresenter.swift */; };
		5EED5BF92078D4E200444958 /* ProfileCell.swift in Sources */ = {isa = PBXBuildFile; fileRef = 5EED5BF82078D4E200444958 /* ProfileCell.swift */; };
		5EED5BFA2078D4E200444958 /* ProfileCell.swift in Sources */ = {isa = PBXBuildFile; fileRef = 5EED5BF82078D4E200444958 /* ProfileCell.swift */; };
		5EED5BFB2078D4E200444958 /* ProfileCell.swift in Sources */ = {isa = PBXBuildFile; fileRef = 5EED5BF82078D4E200444958 /* ProfileCell.swift */; };
		5EF4057E214456FA00BBB2F9 /* Connectivity.swift in Sources */ = {isa = PBXBuildFile; fileRef = 5EF4057D214456FA00BBB2F9 /* Connectivity.swift */; };
		5EFA19CC214413F9000C541D /* Review.swift in Sources */ = {isa = PBXBuildFile; fileRef = 5EFA19CB214413F9000C541D /* Review.swift */; };
		81B6D079A0B8C496C1CDC0D9 /* Pods_Beauty_Cart.framework in Frameworks */ = {isa = PBXBuildFile; fileRef = 0070819D7B73CAEB6F5E1519 /* Pods_Beauty_Cart.framework */; };
/* End PBXBuildFile section */

/* Begin PBXContainerItemProxy section */
		5E19CCDD20573A0D00AF5BBF /* PBXContainerItemProxy */ = {
			isa = PBXContainerItemProxy;
			containerPortal = 5E19CCBD20573A0C00AF5BBF /* Project object */;
			proxyType = 1;
			remoteGlobalIDString = 5E19CCC420573A0D00AF5BBF;
			remoteInfo = Ruka;
		};
		5E19CCE820573A0D00AF5BBF /* PBXContainerItemProxy */ = {
			isa = PBXContainerItemProxy;
			containerPortal = 5E19CCBD20573A0C00AF5BBF /* Project object */;
			proxyType = 1;
			remoteGlobalIDString = 5E19CCC420573A0D00AF5BBF;
			remoteInfo = Ruka;
		};
/* End PBXContainerItemProxy section */

/* Begin PBXFileReference section */
		0070819D7B73CAEB6F5E1519 /* Pods_Beauty_Cart.framework */ = {isa = PBXFileReference; explicitFileType = wrapper.framework; includeInIndex = 0; path = Pods_Beauty_Cart.framework; sourceTree = BUILT_PRODUCTS_DIR; };
		0386BE6D8781F6BB4C973E34 /* Pods-Beauty Cart.debug.xcconfig */ = {isa = PBXFileReference; includeInIndex = 1; lastKnownFileType = text.xcconfig; name = "Pods-Beauty Cart.debug.xcconfig"; path = "Pods/Target Support Files/Pods-Beauty Cart/Pods-Beauty Cart.debug.xcconfig"; sourceTree = "<group>"; };
		0BD1ED8D51CFC45D7FE2CDFD /* Pods-Beauty Cart.release.xcconfig */ = {isa = PBXFileReference; includeInIndex = 1; lastKnownFileType = text.xcconfig; name = "Pods-Beauty Cart.release.xcconfig"; path = "Pods/Target Support Files/Pods-Beauty Cart/Pods-Beauty Cart.release.xcconfig"; sourceTree = "<group>"; };
		1E05006E0C7B54E712ADBB1D /* Pods_RukaTests.framework */ = {isa = PBXFileReference; explicitFileType = wrapper.framework; includeInIndex = 0; path = Pods_RukaTests.framework; sourceTree = BUILT_PRODUCTS_DIR; };
		1E2574BEF659FEA4F7075011 /* Pods-Ruka.debug.xcconfig */ = {isa = PBXFileReference; includeInIndex = 1; lastKnownFileType = text.xcconfig; name = "Pods-Ruka.debug.xcconfig"; path = "Pods/Target Support Files/Pods-Ruka/Pods-Ruka.debug.xcconfig"; sourceTree = "<group>"; };
		5E0C261B20744E5400CB363A /* Ruka-Bridging-Header.h */ = {isa = PBXFileReference; lastKnownFileType = sourcecode.c.h; path = "Ruka-Bridging-Header.h"; sourceTree = "<group>"; };
		5E0C261C20744E5400CB363A /* RukaTests-Bridging-Header.h */ = {isa = PBXFileReference; lastKnownFileType = sourcecode.c.h; path = "RukaTests-Bridging-Header.h"; sourceTree = "<group>"; };
		5E0C261D20744E5500CB363A /* SWRevealViewController.m */ = {isa = PBXFileReference; fileEncoding = 4; lastKnownFileType = sourcecode.c.objc; path = SWRevealViewController.m; sourceTree = "<group>"; };
		5E0C261E20744E5500CB363A /* SWRevealViewController.h */ = {isa = PBXFileReference; fileEncoding = 4; lastKnownFileType = sourcecode.c.h; path = SWRevealViewController.h; sourceTree = "<group>"; };
		5E0C262120744F4100CB363A /* MenuVC.swift */ = {isa = PBXFileReference; lastKnownFileType = sourcecode.swift; path = MenuVC.swift; sourceTree = "<group>"; };
		5E0C262420744F7500CB363A /* ExploreVC.swift */ = {isa = PBXFileReference; lastKnownFileType = sourcecode.swift; path = ExploreVC.swift; sourceTree = "<group>"; };
		5E0C2627207459AD00CB363A /* CircleImage.swift */ = {isa = PBXFileReference; lastKnownFileType = sourcecode.swift; path = CircleImage.swift; sourceTree = "<group>"; };
		5E0C262A2074660800CB363A /* MenuCell.swift */ = {isa = PBXFileReference; lastKnownFileType = sourcecode.swift; path = MenuCell.swift; sourceTree = "<group>"; };
		5E123B652141DF4B007BD6E7 /* CategoryVC.swift */ = {isa = PBXFileReference; lastKnownFileType = sourcecode.swift; path = CategoryVC.swift; sourceTree = "<group>"; };
		5E123B692141EEC0007BD6E7 /* CategoryCell.swift */ = {isa = PBXFileReference; lastKnownFileType = sourcecode.swift; path = CategoryCell.swift; sourceTree = "<group>"; };
		5E123B6B2141EEDD007BD6E7 /* CategoryTableViewCell.swift */ = {isa = PBXFileReference; lastKnownFileType = sourcecode.swift; path = CategoryTableViewCell.swift; sourceTree = "<group>"; };
		5E123B6D2141EF73007BD6E7 /* CategoryList.swift */ = {isa = PBXFileReference; lastKnownFileType = sourcecode.swift; path = CategoryList.swift; sourceTree = "<group>"; };
		5E123B6F2141F213007BD6E7 /* PromotionsCell.swift */ = {isa = PBXFileReference; lastKnownFileType = sourcecode.swift; path = PromotionsCell.swift; sourceTree = "<group>"; };
		5E123B7121427BFA007BD6E7 /* PromotionsList.swift */ = {isa = PBXFileReference; lastKnownFileType = sourcecode.swift; path = PromotionsList.swift; sourceTree = "<group>"; };
		5E123B7321427C94007BD6E7 /* PromoCollectionViewCell.swift */ = {isa = PBXFileReference; lastKnownFileType = sourcecode.swift; path = PromoCollectionViewCell.swift; sourceTree = "<group>"; };
		5E123B7521428FA1007BD6E7 /* Category.swift */ = {isa = PBXFileReference; lastKnownFileType = sourcecode.swift; path = Category.swift; sourceTree = "<group>"; };
		5E123B7721428FB0007BD6E7 /* Promotion.swift */ = {isa = PBXFileReference; lastKnownFileType = sourcecode.swift; path = Promotion.swift; sourceTree = "<group>"; };
		5E19CCC520573A0D00AF5BBF /* Beauty Cart.app */ = {isa = PBXFileReference; explicitFileType = wrapper.application; includeInIndex = 0; path = "Beauty Cart.app"; sourceTree = BUILT_PRODUCTS_DIR; };
		5E19CCC820573A0D00AF5BBF /* AppDelegate.swift */ = {isa = PBXFileReference; lastKnownFileType = sourcecode.swift; path = AppDelegate.swift; sourceTree = "<group>"; };
		5E19CCCA20573A0D00AF5BBF /* ViewController.swift */ = {isa = PBXFileReference; lastKnownFileType = sourcecode.swift; path = ViewController.swift; sourceTree = "<group>"; };
		5E19CCCD20573A0D00AF5BBF /* Base */ = {isa = PBXFileReference; lastKnownFileType = file.storyboard; name = Base; path = Base.lproj/Main.storyboard; sourceTree = "<group>"; };
		5E19CCD020573A0D00AF5BBF /* Ruka.xcdatamodel */ = {isa = PBXFileReference; lastKnownFileType = wrapper.xcdatamodel; path = Ruka.xcdatamodel; sourceTree = "<group>"; };
		5E19CCD220573A0D00AF5BBF /* Assets.xcassets */ = {isa = PBXFileReference; lastKnownFileType = folder.assetcatalog; path = Assets.xcassets; sourceTree = "<group>"; };
		5E19CCD520573A0D00AF5BBF /* Base */ = {isa = PBXFileReference; lastKnownFileType = file.storyboard; name = Base; path = Base.lproj/LaunchScreen.storyboard; sourceTree = "<group>"; };
		5E19CCD720573A0D00AF5BBF /* Info.plist */ = {isa = PBXFileReference; lastKnownFileType = text.plist.xml; path = Info.plist; sourceTree = "<group>"; };
		5E19CCDC20573A0D00AF5BBF /* RukaTests.xctest */ = {isa = PBXFileReference; explicitFileType = wrapper.cfbundle; includeInIndex = 0; path = RukaTests.xctest; sourceTree = BUILT_PRODUCTS_DIR; };
		5E19CCE020573A0D00AF5BBF /* RukaTests.swift */ = {isa = PBXFileReference; lastKnownFileType = sourcecode.swift; path = RukaTests.swift; sourceTree = "<group>"; };
		5E19CCE220573A0D00AF5BBF /* Info.plist */ = {isa = PBXFileReference; lastKnownFileType = text.plist.xml; path = Info.plist; sourceTree = "<group>"; };
		5E19CCE720573A0D00AF5BBF /* RukaUITests.xctest */ = {isa = PBXFileReference; explicitFileType = wrapper.cfbundle; includeInIndex = 0; path = RukaUITests.xctest; sourceTree = BUILT_PRODUCTS_DIR; };
		5E19CCEB20573A0D00AF5BBF /* RukaUITests.swift */ = {isa = PBXFileReference; lastKnownFileType = sourcecode.swift; path = RukaUITests.swift; sourceTree = "<group>"; };
		5E19CCED20573A0D00AF5BBF /* Info.plist */ = {isa = PBXFileReference; lastKnownFileType = text.plist.xml; path = Info.plist; sourceTree = "<group>"; };
		5E19CCFE20573DBC00AF5BBF /* RootViewController.swift */ = {isa = PBXFileReference; lastKnownFileType = sourcecode.swift; path = RootViewController.swift; sourceTree = "<group>"; };
		5E2BDD3A207A08B4007717BF /* AddServiceVC.swift */ = {isa = PBXFileReference; lastKnownFileType = sourcecode.swift; path = AddServiceVC.swift; sourceTree = "<group>"; };
		5E2BDD3E207A0F37007717BF /* ServiceDetail.swift */ = {isa = PBXFileReference; lastKnownFileType = sourcecode.swift; path = ServiceDetail.swift; sourceTree = "<group>"; };
		5E2BDD42207A1A6E007717BF /* ParallaxHeaderView.h */ = {isa = PBXFileReference; fileEncoding = 4; lastKnownFileType = sourcecode.c.h; path = ParallaxHeaderView.h; sourceTree = "<group>"; };
		5E2BDD43207A1A6F007717BF /* ParallaxHeaderView.m */ = {isa = PBXFileReference; fileEncoding = 4; lastKnownFileType = sourcecode.c.objc; path = ParallaxHeaderView.m; sourceTree = "<group>"; };
		5E2BDD47207A1A9F007717BF /* UIImage+ImageEffects.m */ = {isa = PBXFileReference; fileEncoding = 4; lastKnownFileType = sourcecode.c.objc; path = "UIImage+ImageEffects.m"; sourceTree = "<group>"; };
		5E2BDD48207A1A9F007717BF /* UIImage+ImageEffects.h */ = {isa = PBXFileReference; fileEncoding = 4; lastKnownFileType = sourcecode.c.h; path = "UIImage+ImageEffects.h"; sourceTree = "<group>"; };
		5E2BDD4C207A1B4D007717BF /* ServiceDetailCell.swift */ = {isa = PBXFileReference; lastKnownFileType = sourcecode.swift; path = ServiceDetailCell.swift; sourceTree = "<group>"; };
		5E2BDD50207A364C007717BF /* CircularButton.swift */ = {isa = PBXFileReference; lastKnownFileType = sourcecode.swift; path = CircularButton.swift; sourceTree = "<group>"; };
		5E2BDD54207A493D007717BF /* AddServiceCell.swift */ = {isa = PBXFileReference; lastKnownFileType = sourcecode.swift; path = AddServiceCell.swift; sourceTree = "<group>"; };
		5E2BDD58207A4BF6007717BF /* PhotosCell.swift */ = {isa = PBXFileReference; lastKnownFileType = sourcecode.swift; path = PhotosCell.swift; sourceTree = "<group>"; };
		5E2BDD5C207A4C0F007717BF /* PhotosCollectionViewController.swift */ = {isa = PBXFileReference; lastKnownFileType = sourcecode.swift; path = PhotosCollectionViewController.swift; sourceTree = "<group>"; };
		5E386C58205D655600EF7F82 /* RegisterViewController.swift */ = {isa = PBXFileReference; lastKnownFileType = sourcecode.swift; path = RegisterViewController.swift; sourceTree = "<group>"; };
		5E386C5C205D7B4500EF7F82 /* FloatingLabelTextField.swift */ = {isa = PBXFileReference; lastKnownFileType = sourcecode.swift; path = FloatingLabelTextField.swift; sourceTree = "<group>"; };
		5E386C60205D7F0900EF7F82 /* LoginCell.swift */ = {isa = PBXFileReference; lastKnownFileType = sourcecode.swift; path = LoginCell.swift; sourceTree = "<group>"; };
		5E386C64205D809300EF7F82 /* GradientButton.swift */ = {isa = PBXFileReference; lastKnownFileType = sourcecode.swift; path = GradientButton.swift; sourceTree = "<group>"; };
		5E386C68205D84CD00EF7F82 /* GradientView.swift */ = {isa = PBXFileReference; lastKnownFileType = sourcecode.swift; path = GradientView.swift; sourceTree = "<group>"; };
		5E386C70205D9A6E00EF7F82 /* Observable.swift */ = {isa = PBXFileReference; fileEncoding = 4; lastKnownFileType = sourcecode.swift; path = Observable.swift; sourceTree = "<group>"; };
		5E3F7FED21441E11008268A8 /* ReviewsCell.swift */ = {isa = PBXFileReference; lastKnownFileType = sourcecode.swift; path = ReviewsCell.swift; sourceTree = "<group>"; };
		5E3F7FEE21441E11008268A8 /* ReviewsCell.xib */ = {isa = PBXFileReference; lastKnownFileType = file.xib; path = ReviewsCell.xib; sourceTree = "<group>"; };
		5E4A10F72059C73400D70597 /* AuthenticationService.swift */ = {isa = PBXFileReference; lastKnownFileType = sourcecode.swift; path = AuthenticationService.swift; sourceTree = "<group>"; };
		5E4A10FB2059C7A600D70597 /* AuthenticationPresenter.swift */ = {isa = PBXFileReference; lastKnownFileType = sourcecode.swift; path = AuthenticationPresenter.swift; sourceTree = "<group>"; };
		5E4A10FE2059C97A00D70597 /* LoginController.swift */ = {isa = PBXFileReference; lastKnownFileType = sourcecode.swift; path = LoginController.swift; sourceTree = "<group>"; };
		5E4A11022059C99F00D70597 /* User.swift */ = {isa = PBXFileReference; lastKnownFileType = sourcecode.swift; path = User.swift; sourceTree = "<group>"; };
		5E4A11062059C9C700D70597 /* Constants.swift */ = {isa = PBXFileReference; lastKnownFileType = sourcecode.swift; path = Constants.swift; sourceTree = "<group>"; };
		5E4A110A2059C9D700D70597 /* Extension.swift */ = {isa = PBXFileReference; lastKnownFileType = sourcecode.swift; path = Extension.swift; sourceTree = "<group>"; };
		5E8E5DE7207945A60059AFC6 /* UIFloatLabelTextView.m */ = {isa = PBXFileReference; fileEncoding = 4; lastKnownFileType = sourcecode.c.objc; path = UIFloatLabelTextView.m; sourceTree = "<group>"; };
		5E8E5DE8207945A60059AFC6 /* UIFloatLabelTextView.h */ = {isa = PBXFileReference; fileEncoding = 4; lastKnownFileType = sourcecode.c.h; path = UIFloatLabelTextView.h; sourceTree = "<group>"; };
		5EB87A64206F6F80001BE381 /* RegsierCell.swift */ = {isa = PBXFileReference; lastKnownFileType = sourcecode.swift; path = RegsierCell.swift; sourceTree = "<group>"; };
		5EB87A6820705EB0001BE381 /* VOXToast.swift */ = {isa = PBXFileReference; lastKnownFileType = sourcecode.swift; path = VOXToast.swift; sourceTree = "<group>"; };
		5ED70DE0207628F1005A285E /* NoDataView.xib */ = {isa = PBXFileReference; lastKnownFileType = file.xib; path = NoDataView.xib; sourceTree = "<group>"; };
		5ED70DE22076290D005A285E /* NoDataView.swift */ = {isa = PBXFileReference; lastKnownFileType = sourcecode.swift; path = NoDataView.swift; sourceTree = "<group>"; };
		5ED70DE420764687005A285E /* Service.swift */ = {isa = PBXFileReference; lastKnownFileType = sourcecode.swift; path = Service.swift; sourceTree = "<group>"; };
		5ED70DE720764AE8005A285E /* StylistService.swift */ = {isa = PBXFileReference; lastKnownFileType = sourcecode.swift; path = StylistService.swift; sourceTree = "<group>"; };
		5ED70DEA207652D5005A285E /* ServicePresenter.swift */ = {isa = PBXFileReference; lastKnownFileType = sourcecode.swift; path = ServicePresenter.swift; sourceTree = "<group>"; };
		5ED70DEE207659ED005A285E /* ExploreCell.swift */ = {isa = PBXFileReference; lastKnownFileType = sourcecode.swift; path = ExploreCell.swift; sourceTree = "<group>"; };
		5ED70DF220769883005A285E /* CardView.swift */ = {isa = PBXFileReference; lastKnownFileType = sourcecode.swift; path = CardView.swift; sourceTree = "<group>"; };
		5EDEB38A20758BBC0069A81D /* ProfileVC.swift */ = {isa = PBXFileReference; lastKnownFileType = sourcecode.swift; path = ProfileVC.swift; sourceTree = "<group>"; };
		5EDEB38E2075A3B70069A81D /* FavouriteVC.swift */ = {isa = PBXFileReference; lastKnownFileType = sourcecode.swift; path = FavouriteVC.swift; sourceTree = "<group>"; };
		5EDEB3922075A3D00069A81D /* NearVC.swift */ = {isa = PBXFileReference; lastKnownFileType = sourcecode.swift; path = NearVC.swift; sourceTree = "<group>"; };
		5EDEB3962075A3E40069A81D /* ChatListVC.swift */ = {isa = PBXFileReference; lastKnownFileType = sourcecode.swift; path = ChatListVC.swift; sourceTree = "<group>"; };
		5EED5BF02078CE9B00444958 /* UserService.swift */ = {isa = PBXFileReference; lastKnownFileType = sourcecode.swift; path = UserService.swift; sourceTree = "<group>"; };
		5EED5BF42078CF9700444958 /* UserPresenter.swift */ = {isa = PBXFileReference; lastKnownFileType = sourcecode.swift; path = UserPresenter.swift; sourceTree = "<group>"; };
		5EED5BF82078D4E200444958 /* ProfileCell.swift */ = {isa = PBXFileReference; lastKnownFileType = sourcecode.swift; path = ProfileCell.swift; sourceTree = "<group>"; };
		5EF4057D214456FA00BBB2F9 /* Connectivity.swift */ = {isa = PBXFileReference; lastKnownFileType = sourcecode.swift; path = Connectivity.swift; sourceTree = "<group>"; };
		5EFA19CB214413F9000C541D /* Review.swift */ = {isa = PBXFileReference; lastKnownFileType = sourcecode.swift; path = Review.swift; sourceTree = "<group>"; };
		B57DF91C44C5F6A0EDF19EFE /* Pods_Ruka.framework */ = {isa = PBXFileReference; explicitFileType = wrapper.framework; includeInIndex = 0; path = Pods_Ruka.framework; sourceTree = BUILT_PRODUCTS_DIR; };
		BD36D22599D7172CA93D1451 /* Pods-Ruka.release.xcconfig */ = {isa = PBXFileReference; includeInIndex = 1; lastKnownFileType = text.xcconfig; name = "Pods-Ruka.release.xcconfig"; path = "Pods/Target Support Files/Pods-Ruka/Pods-Ruka.release.xcconfig"; sourceTree = "<group>"; };
		D76B808FB6FCFEBACD276C4E /* Pods_RukaUITests.framework */ = {isa = PBXFileReference; explicitFileType = wrapper.framework; includeInIndex = 0; path = Pods_RukaUITests.framework; sourceTree = BUILT_PRODUCTS_DIR; };
/* End PBXFileReference section */

/* Begin PBXFrameworksBuildPhase section */
		5E19CCC220573A0D00AF5BBF /* Frameworks */ = {
			isa = PBXFrameworksBuildPhase;
			buildActionMask = 2147483647;
			files = (
				81B6D079A0B8C496C1CDC0D9 /* Pods_Beauty_Cart.framework in Frameworks */,
			);
			runOnlyForDeploymentPostprocessing = 0;
		};
		5E19CCD920573A0D00AF5BBF /* Frameworks */ = {
			isa = PBXFrameworksBuildPhase;
			buildActionMask = 2147483647;
			files = (
			);
			runOnlyForDeploymentPostprocessing = 0;
		};
		5E19CCE420573A0D00AF5BBF /* Frameworks */ = {
			isa = PBXFrameworksBuildPhase;
			buildActionMask = 2147483647;
			files = (
			);
			runOnlyForDeploymentPostprocessing = 0;
		};
/* End PBXFrameworksBuildPhase section */

/* Begin PBXGroup section */
		3DD5231A5906F55BE25FA3C9 /* Pods */ = {
			isa = PBXGroup;
			children = (
				1E2574BEF659FEA4F7075011 /* Pods-Ruka.debug.xcconfig */,
				BD36D22599D7172CA93D1451 /* Pods-Ruka.release.xcconfig */,
				0386BE6D8781F6BB4C973E34 /* Pods-Beauty Cart.debug.xcconfig */,
				0BD1ED8D51CFC45D7FE2CDFD /* Pods-Beauty Cart.release.xcconfig */,
			);
			name = Pods;
			sourceTree = "<group>";
		};
		5E19CCBC20573A0C00AF5BBF = {
			isa = PBXGroup;
			children = (
				5E19CCC720573A0D00AF5BBF /* Ruka */,
				5E19CCDF20573A0D00AF5BBF /* RukaTests */,
				5E19CCEA20573A0D00AF5BBF /* RukaUITests */,
				5E19CCC620573A0D00AF5BBF /* Products */,
				3DD5231A5906F55BE25FA3C9 /* Pods */,
				D79773064941FCEBFF550EFD /* Frameworks */,
			);
			sourceTree = "<group>";
		};
		5E19CCC620573A0D00AF5BBF /* Products */ = {
			isa = PBXGroup;
			children = (
				5E19CCC520573A0D00AF5BBF /* Beauty Cart.app */,
				5E19CCDC20573A0D00AF5BBF /* RukaTests.xctest */,
				5E19CCE720573A0D00AF5BBF /* RukaUITests.xctest */,
			);
			name = Products;
			sourceTree = "<group>";
		};
		5E19CCC720573A0D00AF5BBF /* Ruka */ = {
			isa = PBXGroup;
			children = (
				5E4A10FA2059C75D00D70597 /* Presenter */,
				5E19CCFD20573D7D00AF5BBF /* Model */,
				5E19CCFC20573D7600AF5BBF /* View */,
				5E19CCFB20573D6500AF5BBF /* Controller */,
				5E19CCFA20573D5B00AF5BBF /* Utils */,
				5E19CCF920573D5300AF5BBF /* Network */,
				5E19CCC820573A0D00AF5BBF /* AppDelegate.swift */,
				5E19CCCC20573A0D00AF5BBF /* Main.storyboard */,
				5E19CCD220573A0D00AF5BBF /* Assets.xcassets */,
				5E19CCD420573A0D00AF5BBF /* LaunchScreen.storyboard */,
				5E19CCD720573A0D00AF5BBF /* Info.plist */,
				5E19CCCF20573A0D00AF5BBF /* Ruka.xcdatamodeld */,
			);
			path = Ruka;
			sourceTree = "<group>";
		};
		5E19CCDF20573A0D00AF5BBF /* RukaTests */ = {
			isa = PBXGroup;
			children = (
				5E19CCE020573A0D00AF5BBF /* RukaTests.swift */,
				5E19CCE220573A0D00AF5BBF /* Info.plist */,
			);
			path = RukaTests;
			sourceTree = "<group>";
		};
		5E19CCEA20573A0D00AF5BBF /* RukaUITests */ = {
			isa = PBXGroup;
			children = (
				5E19CCEB20573A0D00AF5BBF /* RukaUITests.swift */,
				5E19CCED20573A0D00AF5BBF /* Info.plist */,
			);
			path = RukaUITests;
			sourceTree = "<group>";
		};
		5E19CCF920573D5300AF5BBF /* Network */ = {
			isa = PBXGroup;
			children = (
				5E4A10F72059C73400D70597 /* AuthenticationService.swift */,
				5ED70DE720764AE8005A285E /* StylistService.swift */,
				5EED5BF02078CE9B00444958 /* UserService.swift */,
				5EF4057D214456FA00BBB2F9 /* Connectivity.swift */,
			);
			path = Network;
			sourceTree = "<group>";
		};
		5E19CCFA20573D5B00AF5BBF /* Utils */ = {
			isa = PBXGroup;
			children = (
				5E386C70205D9A6E00EF7F82 /* Observable.swift */,
				5E4A11062059C9C700D70597 /* Constants.swift */,
				5E4A110A2059C9D700D70597 /* Extension.swift */,
				5EB87A6820705EB0001BE381 /* VOXToast.swift */,
			);
			path = Utils;
			sourceTree = "<group>";
		};
		5E19CCFB20573D6500AF5BBF /* Controller */ = {
			isa = PBXGroup;
			children = (
				5E0C261E20744E5500CB363A /* SWRevealViewController.h */,
				5E0C261D20744E5500CB363A /* SWRevealViewController.m */,
				5E19CCCA20573A0D00AF5BBF /* ViewController.swift */,
				5E19CCFE20573DBC00AF5BBF /* RootViewController.swift */,
				5E4A10FE2059C97A00D70597 /* LoginController.swift */,
				5E386C58205D655600EF7F82 /* RegisterViewController.swift */,
				5E0C261B20744E5400CB363A /* Ruka-Bridging-Header.h */,
				5E0C261C20744E5400CB363A /* RukaTests-Bridging-Header.h */,
				5E0C262120744F4100CB363A /* MenuVC.swift */,
				5E0C262420744F7500CB363A /* ExploreVC.swift */,
				5EDEB38A20758BBC0069A81D /* ProfileVC.swift */,
				5EDEB38E2075A3B70069A81D /* FavouriteVC.swift */,
				5EDEB3922075A3D00069A81D /* NearVC.swift */,
				5EDEB3962075A3E40069A81D /* ChatListVC.swift */,
				5E2BDD3A207A08B4007717BF /* AddServiceVC.swift */,
				5E2BDD3E207A0F37007717BF /* ServiceDetail.swift */,
				5E2BDD58207A4BF6007717BF /* PhotosCell.swift */,
				5E2BDD5C207A4C0F007717BF /* PhotosCollectionViewController.swift */,
				5E123B652141DF4B007BD6E7 /* CategoryVC.swift */,
			);
			path = Controller;
			sourceTree = "<group>";
		};
		5E19CCFC20573D7600AF5BBF /* View */ = {
			isa = PBXGroup;
			children = (
				5E2BDD48207A1A9F007717BF /* UIImage+ImageEffects.h */,
				5E2BDD47207A1A9F007717BF /* UIImage+ImageEffects.m */,
				5E2BDD42207A1A6E007717BF /* ParallaxHeaderView.h */,
				5E2BDD43207A1A6F007717BF /* ParallaxHeaderView.m */,
				5E386C5C205D7B4500EF7F82 /* FloatingLabelTextField.swift */,
				5E8E5DE8207945A60059AFC6 /* UIFloatLabelTextView.h */,
				5E8E5DE7207945A60059AFC6 /* UIFloatLabelTextView.m */,
				5E386C60205D7F0900EF7F82 /* LoginCell.swift */,
				5E386C64205D809300EF7F82 /* GradientButton.swift */,
				5E386C68205D84CD00EF7F82 /* GradientView.swift */,
				5EB87A64206F6F80001BE381 /* RegsierCell.swift */,
				5E0C2627207459AD00CB363A /* CircleImage.swift */,
				5E0C262A2074660800CB363A /* MenuCell.swift */,
				5ED70DE0207628F1005A285E /* NoDataView.xib */,
				5ED70DE22076290D005A285E /* NoDataView.swift */,
				5ED70DEE207659ED005A285E /* ExploreCell.swift */,
				5ED70DF220769883005A285E /* CardView.swift */,
				5EED5BF82078D4E200444958 /* ProfileCell.swift */,
				5E2BDD4C207A1B4D007717BF /* ServiceDetailCell.swift */,
				5E2BDD50207A364C007717BF /* CircularButton.swift */,
				5E2BDD54207A493D007717BF /* AddServiceCell.swift */,
				5E123B692141EEC0007BD6E7 /* CategoryCell.swift */,
				5E123B6B2141EEDD007BD6E7 /* CategoryTableViewCell.swift */,
				5E123B6D2141EF73007BD6E7 /* CategoryList.swift */,
				5E123B6F2141F213007BD6E7 /* PromotionsCell.swift */,
				5E123B7121427BFA007BD6E7 /* PromotionsList.swift */,
				5E123B7321427C94007BD6E7 /* PromoCollectionViewCell.swift */,
				5E3F7FED21441E11008268A8 /* ReviewsCell.swift */,
				5E3F7FEE21441E11008268A8 /* ReviewsCell.xib */,
			);
			path = View;
			sourceTree = "<group>";
		};
		5E19CCFD20573D7D00AF5BBF /* Model */ = {
			isa = PBXGroup;
			children = (
				5E4A11022059C99F00D70597 /* User.swift */,
				5ED70DE420764687005A285E /* Service.swift */,
				5E123B7521428FA1007BD6E7 /* Category.swift */,
				5E123B7721428FB0007BD6E7 /* Promotion.swift */,
				5EFA19CB214413F9000C541D /* Review.swift */,
			);
			path = Model;
			sourceTree = "<group>";
		};
		5E4A10FA2059C75D00D70597 /* Presenter */ = {
			isa = PBXGroup;
			children = (
				5E4A10FB2059C7A600D70597 /* AuthenticationPresenter.swift */,
				5ED70DEA207652D5005A285E /* ServicePresenter.swift */,
				5EED5BF42078CF9700444958 /* UserPresenter.swift */,
			);
			path = Presenter;
			sourceTree = "<group>";
		};
		D79773064941FCEBFF550EFD /* Frameworks */ = {
			isa = PBXGroup;
			children = (
				B57DF91C44C5F6A0EDF19EFE /* Pods_Ruka.framework */,
				1E05006E0C7B54E712ADBB1D /* Pods_RukaTests.framework */,
				D76B808FB6FCFEBACD276C4E /* Pods_RukaUITests.framework */,
				0070819D7B73CAEB6F5E1519 /* Pods_Beauty_Cart.framework */,
			);
			name = Frameworks;
			sourceTree = "<group>";
		};
/* End PBXGroup section */

/* Begin PBXNativeTarget section */
		5E19CCC420573A0D00AF5BBF /* Beauty Cart */ = {
			isa = PBXNativeTarget;
			buildConfigurationList = 5E19CCF020573A0D00AF5BBF /* Build configuration list for PBXNativeTarget "Beauty Cart" */;
			buildPhases = (
				126E0F30FDB0114642F0D3C9 /* [CP] Check Pods Manifest.lock */,
				5E19CCC120573A0D00AF5BBF /* Sources */,
				5E19CCC220573A0D00AF5BBF /* Frameworks */,
				5E19CCC320573A0D00AF5BBF /* Resources */,
				FFDD71817E0EAE94DE6DD463 /* [CP] Embed Pods Frameworks */,
				BD33C52F99479EEE9112D403 /* [CP] Copy Pods Resources */,
			);
			buildRules = (
			);
			dependencies = (
			);
			name = "Beauty Cart";
			productName = Ruka;
			productReference = 5E19CCC520573A0D00AF5BBF /* Beauty Cart.app */;
			productType = "com.apple.product-type.application";
		};
		5E19CCDB20573A0D00AF5BBF /* RukaTests */ = {
			isa = PBXNativeTarget;
			buildConfigurationList = 5E19CCF320573A0D00AF5BBF /* Build configuration list for PBXNativeTarget "RukaTests" */;
			buildPhases = (
				5E19CCD820573A0D00AF5BBF /* Sources */,
				5E19CCD920573A0D00AF5BBF /* Frameworks */,
				5E19CCDA20573A0D00AF5BBF /* Resources */,
			);
			buildRules = (
			);
			dependencies = (
				5E19CCDE20573A0D00AF5BBF /* PBXTargetDependency */,
			);
			name = RukaTests;
			productName = RukaTests;
			productReference = 5E19CCDC20573A0D00AF5BBF /* RukaTests.xctest */;
			productType = "com.apple.product-type.bundle.unit-test";
		};
		5E19CCE620573A0D00AF5BBF /* RukaUITests */ = {
			isa = PBXNativeTarget;
			buildConfigurationList = 5E19CCF620573A0D00AF5BBF /* Build configuration list for PBXNativeTarget "RukaUITests" */;
			buildPhases = (
				5E19CCE320573A0D00AF5BBF /* Sources */,
				5E19CCE420573A0D00AF5BBF /* Frameworks */,
				5E19CCE520573A0D00AF5BBF /* Resources */,
			);
			buildRules = (
			);
			dependencies = (
				5E19CCE920573A0D00AF5BBF /* PBXTargetDependency */,
			);
			name = RukaUITests;
			productName = RukaUITests;
			productReference = 5E19CCE720573A0D00AF5BBF /* RukaUITests.xctest */;
			productType = "com.apple.product-type.bundle.ui-testing";
		};
/* End PBXNativeTarget section */

/* Begin PBXProject section */
		5E19CCBD20573A0C00AF5BBF /* Project object */ = {
			isa = PBXProject;
			attributes = {
				LastSwiftUpdateCheck = 0920;
				LastUpgradeCheck = 1010;
				ORGANIZATIONNAME = "george kapoya";
				TargetAttributes = {
					5E19CCC420573A0D00AF5BBF = {
						CreatedOnToolsVersion = 9.2;
						LastSwiftMigration = 0920;
						ProvisioningStyle = Manual;
					};
					5E19CCDB20573A0D00AF5BBF = {
						CreatedOnToolsVersion = 9.2;
						LastSwiftMigration = 0920;
						ProvisioningStyle = Automatic;
						TestTargetID = 5E19CCC420573A0D00AF5BBF;
					};
					5E19CCE620573A0D00AF5BBF = {
						CreatedOnToolsVersion = 9.2;
						ProvisioningStyle = Automatic;
						TestTargetID = 5E19CCC420573A0D00AF5BBF;
					};
				};
			};
			buildConfigurationList = 5E19CCC020573A0C00AF5BBF /* Build configuration list for PBXProject "Ruka" */;
			compatibilityVersion = "Xcode 8.0";
			developmentRegion = en;
			hasScannedForEncodings = 0;
			knownRegions = (
				en,
				Base,
			);
			mainGroup = 5E19CCBC20573A0C00AF5BBF;
			productRefGroup = 5E19CCC620573A0D00AF5BBF /* Products */;
			projectDirPath = "";
			projectRoot = "";
			targets = (
				5E19CCC420573A0D00AF5BBF /* Beauty Cart */,
				5E19CCDB20573A0D00AF5BBF /* RukaTests */,
				5E19CCE620573A0D00AF5BBF /* RukaUITests */,
			);
		};
/* End PBXProject section */

/* Begin PBXResourcesBuildPhase section */
		5E19CCC320573A0D00AF5BBF /* Resources */ = {
			isa = PBXResourcesBuildPhase;
			buildActionMask = 2147483647;
			files = (
				5E3F7FF021441E11008268A8 /* ReviewsCell.xib in Resources */,
				5E19CCD620573A0D00AF5BBF /* LaunchScreen.storyboard in Resources */,
				5ED70DE1207628F1005A285E /* NoDataView.xib in Resources */,
				5E19CCD320573A0D00AF5BBF /* Assets.xcassets in Resources */,
				5E19CCCE20573A0D00AF5BBF /* Main.storyboard in Resources */,
			);
			runOnlyForDeploymentPostprocessing = 0;
		};
		5E19CCDA20573A0D00AF5BBF /* Resources */ = {
			isa = PBXResourcesBuildPhase;
			buildActionMask = 2147483647;
			files = (
			);
			runOnlyForDeploymentPostprocessing = 0;
		};
		5E19CCE520573A0D00AF5BBF /* Resources */ = {
			isa = PBXResourcesBuildPhase;
			buildActionMask = 2147483647;
			files = (
			);
			runOnlyForDeploymentPostprocessing = 0;
		};
/* End PBXResourcesBuildPhase section */

/* Begin PBXShellScriptBuildPhase section */
		126E0F30FDB0114642F0D3C9 /* [CP] Check Pods Manifest.lock */ = {
			isa = PBXShellScriptBuildPhase;
			buildActionMask = 2147483647;
			files = (
			);
			inputPaths = (
				"${PODS_PODFILE_DIR_PATH}/Podfile.lock",
				"${PODS_ROOT}/Manifest.lock",
			);
			name = "[CP] Check Pods Manifest.lock";
			outputPaths = (
				"$(DERIVED_FILE_DIR)/Pods-Beauty Cart-checkManifestLockResult.txt",
			);
			runOnlyForDeploymentPostprocessing = 0;
			shellPath = /bin/sh;
			shellScript = "diff \"${PODS_PODFILE_DIR_PATH}/Podfile.lock\" \"${PODS_ROOT}/Manifest.lock\" > /dev/null\nif [ $? != 0 ] ; then\n    # print error to STDERR\n    echo \"error: The sandbox is not in sync with the Podfile.lock. Run 'pod install' or update your CocoaPods installation.\" >&2\n    exit 1\nfi\n# This output is used by Xcode 'outputs' to avoid re-running this script phase.\necho \"SUCCESS\" > \"${SCRIPT_OUTPUT_FILE_0}\"\n";
			showEnvVarsInLog = 0;
		};
		BD33C52F99479EEE9112D403 /* [CP] Copy Pods Resources */ = {
			isa = PBXShellScriptBuildPhase;
			buildActionMask = 2147483647;
			files = (
			);
			inputPaths = (
				"${SRCROOT}/Pods/Target Support Files/Pods-Beauty Cart/Pods-Beauty Cart-resources.sh",
				"${PODS_ROOT}/GoogleMaps/Maps/Frameworks/GoogleMaps.framework/Resources/GoogleMaps.bundle",
				"${PODS_ROOT}/GooglePlacePicker/Frameworks/GooglePlacePicker.framework/Resources/GooglePlacePicker.bundle",
				"${PODS_ROOT}/GooglePlaces/Frameworks/GooglePlaces.framework/Resources/GooglePlaces.bundle",
			);
			name = "[CP] Copy Pods Resources";
			outputPaths = (
				"${TARGET_BUILD_DIR}/${UNLOCALIZED_RESOURCES_FOLDER_PATH}/GoogleMaps.bundle",
				"${TARGET_BUILD_DIR}/${UNLOCALIZED_RESOURCES_FOLDER_PATH}/GooglePlacePicker.bundle",
				"${TARGET_BUILD_DIR}/${UNLOCALIZED_RESOURCES_FOLDER_PATH}/GooglePlaces.bundle",
			);
			runOnlyForDeploymentPostprocessing = 0;
			shellPath = /bin/sh;
			shellScript = "\"${SRCROOT}/Pods/Target Support Files/Pods-Beauty Cart/Pods-Beauty Cart-resources.sh\"\n";
			showEnvVarsInLog = 0;
		};
		FFDD71817E0EAE94DE6DD463 /* [CP] Embed Pods Frameworks */ = {
			isa = PBXShellScriptBuildPhase;
			buildActionMask = 2147483647;
			files = (
			);
			inputPaths = (
				"${SRCROOT}/Pods/Target Support Files/Pods-Beauty Cart/Pods-Beauty Cart-frameworks.sh",
				"${BUILT_PRODUCTS_DIR}/Alamofire/Alamofire.framework",
				"${BUILT_PRODUCTS_DIR}/BSGridCollectionViewLayout/BSGridCollectionViewLayout.framework",
				"${BUILT_PRODUCTS_DIR}/BSImagePicker/BSImagePicker.framework",
				"${BUILT_PRODUCTS_DIR}/BSImageView/BSImageView.framework",
				"${BUILT_PRODUCTS_DIR}/Cosmos/Cosmos.framework",
				"${BUILT_PRODUCTS_DIR}/DropDown/DropDown.framework",
				"${BUILT_PRODUCTS_DIR}/EmptyDataSet-Swift/EmptyDataSet_Swift.framework",
				"${BUILT_PRODUCTS_DIR}/FaveButton/FaveButton.framework",
				"${BUILT_PRODUCTS_DIR}/GrowingTextView/GrowingTextView.framework",
				"${BUILT_PRODUCTS_DIR}/IQKeyboardManagerSwift/IQKeyboardManagerSwift.framework",
				"${BUILT_PRODUCTS_DIR}/MDFInternationalization/MDFInternationalization.framework",
				"${BUILT_PRODUCTS_DIR}/MDFTextAccessibility/MDFTextAccessibility.framework",
				"${BUILT_PRODUCTS_DIR}/MaterialComponents/MaterialComponents.framework",
				"${BUILT_PRODUCTS_DIR}/RSKImageCropper/RSKImageCropper.framework",
				"${BUILT_PRODUCTS_DIR}/SDWebImage/SDWebImage.framework",
				"${BUILT_PRODUCTS_DIR}/SkeletonView/SkeletonView.framework",
				"${BUILT_PRODUCTS_DIR}/SwiftValidator/SwiftValidator.framework",
				"${BUILT_PRODUCTS_DIR}/SwiftyJSON/SwiftyJSON.framework",
			);
			name = "[CP] Embed Pods Frameworks";
			outputPaths = (
				"${TARGET_BUILD_DIR}/${FRAMEWORKS_FOLDER_PATH}/Alamofire.framework",
				"${TARGET_BUILD_DIR}/${FRAMEWORKS_FOLDER_PATH}/BSGridCollectionViewLayout.framework",
				"${TARGET_BUILD_DIR}/${FRAMEWORKS_FOLDER_PATH}/BSImagePicker.framework",
				"${TARGET_BUILD_DIR}/${FRAMEWORKS_FOLDER_PATH}/BSImageView.framework",
				"${TARGET_BUILD_DIR}/${FRAMEWORKS_FOLDER_PATH}/Cosmos.framework",
				"${TARGET_BUILD_DIR}/${FRAMEWORKS_FOLDER_PATH}/DropDown.framework",
				"${TARGET_BUILD_DIR}/${FRAMEWORKS_FOLDER_PATH}/EmptyDataSet_Swift.framework",
				"${TARGET_BUILD_DIR}/${FRAMEWORKS_FOLDER_PATH}/FaveButton.framework",
				"${TARGET_BUILD_DIR}/${FRAMEWORKS_FOLDER_PATH}/GrowingTextView.framework",
				"${TARGET_BUILD_DIR}/${FRAMEWORKS_FOLDER_PATH}/IQKeyboardManagerSwift.framework",
				"${TARGET_BUILD_DIR}/${FRAMEWORKS_FOLDER_PATH}/MDFInternationalization.framework",
				"${TARGET_BUILD_DIR}/${FRAMEWORKS_FOLDER_PATH}/MDFTextAccessibility.framework",
				"${TARGET_BUILD_DIR}/${FRAMEWORKS_FOLDER_PATH}/MaterialComponents.framework",
				"${TARGET_BUILD_DIR}/${FRAMEWORKS_FOLDER_PATH}/RSKImageCropper.framework",
				"${TARGET_BUILD_DIR}/${FRAMEWORKS_FOLDER_PATH}/SDWebImage.framework",
				"${TARGET_BUILD_DIR}/${FRAMEWORKS_FOLDER_PATH}/SkeletonView.framework",
				"${TARGET_BUILD_DIR}/${FRAMEWORKS_FOLDER_PATH}/SwiftValidator.framework",
				"${TARGET_BUILD_DIR}/${FRAMEWORKS_FOLDER_PATH}/SwiftyJSON.framework",
			);
			runOnlyForDeploymentPostprocessing = 0;
			shellPath = /bin/sh;
			shellScript = "\"${SRCROOT}/Pods/Target Support Files/Pods-Beauty Cart/Pods-Beauty Cart-frameworks.sh\"\n";
			showEnvVarsInLog = 0;
		};
/* End PBXShellScriptBuildPhase section */

/* Begin PBXSourcesBuildPhase section */
		5E19CCC120573A0D00AF5BBF /* Sources */ = {
			isa = PBXSourcesBuildPhase;
			buildActionMask = 2147483647;
			files = (
				5E2BDD44207A1A6F007717BF /* ParallaxHeaderView.m in Sources */,
				5E386C71205D9A6E00EF7F82 /* Observable.swift in Sources */,
				5E123B7621428FA1007BD6E7 /* Category.swift in Sources */,
				5E0C261F20744E5500CB363A /* SWRevealViewController.m in Sources */,
				5E19CCCB20573A0D00AF5BBF /* ViewController.swift in Sources */,
				5EED5BF52078CF9700444958 /* UserPresenter.swift in Sources */,
				5E0C262520744F7500CB363A /* ExploreVC.swift in Sources */,
				5E2BDD3F207A0F37007717BF /* ServiceDetail.swift in Sources */,
				5E123B7221427BFA007BD6E7 /* PromotionsList.swift in Sources */,
				5E386C59205D655600EF7F82 /* RegisterViewController.swift in Sources */,
				5E2BDD59207A4BF6007717BF /* PhotosCell.swift in Sources */,
				5EB87A6920705EB0001BE381 /* VOXToast.swift in Sources */,
				5EED5BF12078CE9B00444958 /* UserService.swift in Sources */,
				5E386C69205D84CD00EF7F82 /* GradientView.swift in Sources */,
				5E0C262B2074660800CB363A /* MenuCell.swift in Sources */,
				5E123B6C2141EEDD007BD6E7 /* CategoryTableViewCell.swift in Sources */,
				5E19CCD120573A0D00AF5BBF /* Ruka.xcdatamodeld in Sources */,
				5ED70DEB207652D5005A285E /* ServicePresenter.swift in Sources */,
				5E123B6A2141EEC0007BD6E7 /* CategoryCell.swift in Sources */,
				5E19CCFF20573DBC00AF5BBF /* RootViewController.swift in Sources */,
				5ED70DEF207659ED005A285E /* ExploreCell.swift in Sources */,
				5EFA19CC214413F9000C541D /* Review.swift in Sources */,
				5E123B7421427C94007BD6E7 /* PromoCollectionViewCell.swift in Sources */,
				5E386C5D205D7B4500EF7F82 /* FloatingLabelTextField.swift in Sources */,
				5E123B662141DF4B007BD6E7 /* CategoryVC.swift in Sources */,
				5E2BDD55207A493D007717BF /* AddServiceCell.swift in Sources */,
				5E2BDD51207A364C007717BF /* CircularButton.swift in Sources */,
				5E123B702141F213007BD6E7 /* PromotionsCell.swift in Sources */,
				5E0C262220744F4100CB363A /* MenuVC.swift in Sources */,
				5ED70DE520764687005A285E /* Service.swift in Sources */,
				5EDEB38B20758BBC0069A81D /* ProfileVC.swift in Sources */,
				5E386C61205D7F0900EF7F82 /* LoginCell.swift in Sources */,
				5E19CCC920573A0D00AF5BBF /* AppDelegate.swift in Sources */,
				5ED70DE820764AE8005A285E /* StylistService.swift in Sources */,
				5E386C65205D809300EF7F82 /* GradientButton.swift in Sources */,
				5EDEB3932075A3D00069A81D /* NearVC.swift in Sources */,
				5ED70DE32076290D005A285E /* NoDataView.swift in Sources */,
				5EDEB38F2075A3B70069A81D /* FavouriteVC.swift in Sources */,
				5E4A11032059C99F00D70597 /* User.swift in Sources */,
				5EDEB3972075A3E40069A81D /* ChatListVC.swift in Sources */,
				5E4A110B2059C9D700D70597 /* Extension.swift in Sources */,
				5E2BDD4D207A1B4D007717BF /* ServiceDetailCell.swift in Sources */,
				5E4A10F82059C73400D70597 /* AuthenticationService.swift in Sources */,
				5E123B7821428FB0007BD6E7 /* Promotion.swift in Sources */,
				5E4A10FC2059C7A600D70597 /* AuthenticationPresenter.swift in Sources */,
				5EB87A65206F6F80001BE381 /* RegsierCell.swift in Sources */,
				5E2BDD5D207A4C0F007717BF /* PhotosCollectionViewController.swift in Sources */,
				5E0C2628207459AD00CB363A /* CircleImage.swift in Sources */,
				5E3F7FEF21441E11008268A8 /* ReviewsCell.swift in Sources */,
				5E2BDD3B207A08B4007717BF /* AddServiceVC.swift in Sources */,
				5E4A10FF2059C97A00D70597 /* LoginController.swift in Sources */,
				5EED5BF92078D4E200444958 /* ProfileCell.swift in Sources */,
				5ED70DF320769884005A285E /* CardView.swift in Sources */,
				5E8E5DE9207945A70059AFC6 /* UIFloatLabelTextView.m in Sources */,
				5EF4057E214456FA00BBB2F9 /* Connectivity.swift in Sources */,
				5E123B6E2141EF73007BD6E7 /* CategoryList.swift in Sources */,
				5E2BDD49207A1A9F007717BF /* UIImage+ImageEffects.m in Sources */,
				5E4A11072059C9C700D70597 /* Constants.swift in Sources */,
			);
			runOnlyForDeploymentPostprocessing = 0;
		};
		5E19CCD820573A0D00AF5BBF /* Sources */ = {
			isa = PBXSourcesBuildPhase;
			buildActionMask = 2147483647;
			files = (
				5E2BDD45207A1A6F007717BF /* ParallaxHeaderView.m in Sources */,
				5EED5BF62078CF9700444958 /* UserPresenter.swift in Sources */,
				5E386C72205D9A6E00EF7F82 /* Observable.swift in Sources */,
				5E2BDD5E207A4C0F007717BF /* PhotosCollectionViewController.swift in Sources */,
				5E19CCE120573A0D00AF5BBF /* RukaTests.swift in Sources */,
				5ED70DE620764687005A285E /* Service.swift in Sources */,
				5E4A11002059C97A00D70597 /* LoginController.swift in Sources */,
				5ED70DE920764AE8005A285E /* StylistService.swift in Sources */,
				5E2BDD3C207A08B4007717BF /* AddServiceVC.swift in Sources */,
				5EB87A6A20705EB0001BE381 /* VOXToast.swift in Sources */,
				5E8E5DEA2079485F0059AFC6 /* UIFloatLabelTextView.m in Sources */,
				5E0C262320744F4100CB363A /* MenuVC.swift in Sources */,
				5ED70DEC207652D5005A285E /* ServicePresenter.swift in Sources */,
				5E386C6A205D84CD00EF7F82 /* GradientView.swift in Sources */,
				5E2BDD5A207A4BF6007717BF /* PhotosCell.swift in Sources */,
				5E0C262C2074660800CB363A /* MenuCell.swift in Sources */,
				5E4A110C2059C9D700D70597 /* Extension.swift in Sources */,
				5E386C5A205D655600EF7F82 /* RegisterViewController.swift in Sources */,
				5EDEB38C20758BBC0069A81D /* ProfileVC.swift in Sources */,
				5E2BDD56207A493D007717BF /* AddServiceCell.swift in Sources */,
				5E386C66205D809300EF7F82 /* GradientButton.swift in Sources */,
				5E386C5E205D7B4500EF7F82 /* FloatingLabelTextField.swift in Sources */,
				5ED70DF420769884005A285E /* CardView.swift in Sources */,
				5EDEB3942075A3D00069A81D /* NearVC.swift in Sources */,
				5E4A10F92059C73400D70597 /* AuthenticationService.swift in Sources */,
				5E2BDD4A207A1A9F007717BF /* UIImage+ImageEffects.m in Sources */,
				5E2BDD40207A0F37007717BF /* ServiceDetail.swift in Sources */,
				5EB87A66206F6F80001BE381 /* RegsierCell.swift in Sources */,
				5E0C262620744F7500CB363A /* ExploreVC.swift in Sources */,
				5E2BDD4E207A1B4D007717BF /* ServiceDetailCell.swift in Sources */,
				5EDEB3982075A3E40069A81D /* ChatListVC.swift in Sources */,
				5E0C262020744E5500CB363A /* SWRevealViewController.m in Sources */,
				5E2BDD52207A364C007717BF /* CircularButton.swift in Sources */,
				5E4A11042059C99F00D70597 /* User.swift in Sources */,
				5E0C2629207459AD00CB363A /* CircleImage.swift in Sources */,
				5EDEB3902075A3B70069A81D /* FavouriteVC.swift in Sources */,
				5E386C62205D7F0900EF7F82 /* LoginCell.swift in Sources */,
				5EED5BF22078CE9B00444958 /* UserService.swift in Sources */,
				5E4A10FD2059C7A600D70597 /* AuthenticationPresenter.swift in Sources */,
				5EED5BFA2078D4E200444958 /* ProfileCell.swift in Sources */,
				5E4A11082059C9C700D70597 /* Constants.swift in Sources */,
				5ED70DF0207659ED005A285E /* ExploreCell.swift in Sources */,
			);
			runOnlyForDeploymentPostprocessing = 0;
		};
		5E19CCE320573A0D00AF5BBF /* Sources */ = {
			isa = PBXSourcesBuildPhase;
			buildActionMask = 2147483647;
			files = (
				5E2BDD5B207A4BF6007717BF /* PhotosCell.swift in Sources */,
				5EDEB3992075A3E40069A81D /* ChatListVC.swift in Sources */,
				5E2BDD41207A0F37007717BF /* ServiceDetail.swift in Sources */,
				5E2BDD4F207A1B4D007717BF /* ServiceDetailCell.swift in Sources */,
				5E4A110D2059C9D700D70597 /* Extension.swift in Sources */,
				5E19CCEC20573A0D00AF5BBF /* RukaUITests.swift in Sources */,
				5E2BDD46207A1A6F007717BF /* ParallaxHeaderView.m in Sources */,
				5E2BDD4B207A1A9F007717BF /* UIImage+ImageEffects.m in Sources */,
				5EED5BFB2078D4E200444958 /* ProfileCell.swift in Sources */,
				5EED5BF72078CF9700444958 /* UserPresenter.swift in Sources */,
				5E386C6B205D84CD00EF7F82 /* GradientView.swift in Sources */,
				5E8E5DEB2079485F0059AFC6 /* UIFloatLabelTextView.m in Sources */,
				5ED70DED207652D5005A285E /* ServicePresenter.swift in Sources */,
				5E4A11012059C97A00D70597 /* LoginController.swift in Sources */,
				5E386C63205D7F0900EF7F82 /* LoginCell.swift in Sources */,
				5ED70DF520769884005A285E /* CardView.swift in Sources */,
				5EB87A67206F6F80001BE381 /* RegsierCell.swift in Sources */,
				5E386C67205D809300EF7F82 /* GradientButton.swift in Sources */,
				5E2BDD57207A493D007717BF /* AddServiceCell.swift in Sources */,
				5EDEB3952075A3D00069A81D /* NearVC.swift in Sources */,
				5E386C5B205D655600EF7F82 /* RegisterViewController.swift in Sources */,
				5EDEB38D20758BBC0069A81D /* ProfileVC.swift in Sources */,
				5E2BDD3D207A08B4007717BF /* AddServiceVC.swift in Sources */,
				5E2BDD5F207A4C0F007717BF /* PhotosCollectionViewController.swift in Sources */,
				5E4A11052059C99F00D70597 /* User.swift in Sources */,
				5EDEB3912075A3B70069A81D /* FavouriteVC.swift in Sources */,
				5EB87A6B20705EB0001BE381 /* VOXToast.swift in Sources */,
				5EED5BF32078CE9B00444958 /* UserService.swift in Sources */,
				5E4A11092059C9C700D70597 /* Constants.swift in Sources */,
				5E386C5F205D7B4500EF7F82 /* FloatingLabelTextField.swift in Sources */,
				5E2BDD53207A364C007717BF /* CircularButton.swift in Sources */,
				5ED70DF1207659ED005A285E /* ExploreCell.swift in Sources */,
			);
			runOnlyForDeploymentPostprocessing = 0;
		};
/* End PBXSourcesBuildPhase section */

/* Begin PBXTargetDependency section */
		5E19CCDE20573A0D00AF5BBF /* PBXTargetDependency */ = {
			isa = PBXTargetDependency;
			target = 5E19CCC420573A0D00AF5BBF /* Beauty Cart */;
			targetProxy = 5E19CCDD20573A0D00AF5BBF /* PBXContainerItemProxy */;
		};
		5E19CCE920573A0D00AF5BBF /* PBXTargetDependency */ = {
			isa = PBXTargetDependency;
			target = 5E19CCC420573A0D00AF5BBF /* Beauty Cart */;
			targetProxy = 5E19CCE820573A0D00AF5BBF /* PBXContainerItemProxy */;
		};
/* End PBXTargetDependency section */

/* Begin PBXVariantGroup section */
		5E19CCCC20573A0D00AF5BBF /* Main.storyboard */ = {
			isa = PBXVariantGroup;
			children = (
				5E19CCCD20573A0D00AF5BBF /* Base */,
			);
			name = Main.storyboard;
			sourceTree = "<group>";
		};
		5E19CCD420573A0D00AF5BBF /* LaunchScreen.storyboard */ = {
			isa = PBXVariantGroup;
			children = (
				5E19CCD520573A0D00AF5BBF /* Base */,
			);
			name = LaunchScreen.storyboard;
			sourceTree = "<group>";
		};
/* End PBXVariantGroup section */

/* Begin XCBuildConfiguration section */
		5E19CCEE20573A0D00AF5BBF /* Debug */ = {
			isa = XCBuildConfiguration;
			buildSettings = {
				ALWAYS_SEARCH_USER_PATHS = NO;
				CLANG_ANALYZER_NONNULL = YES;
				CLANG_ANALYZER_NUMBER_OBJECT_CONVERSION = YES_AGGRESSIVE;
				CLANG_CXX_LANGUAGE_STANDARD = "gnu++14";
				CLANG_CXX_LIBRARY = "libc++";
				CLANG_ENABLE_MODULES = YES;
				CLANG_ENABLE_OBJC_ARC = YES;
				CLANG_WARN_BLOCK_CAPTURE_AUTORELEASING = YES;
				CLANG_WARN_BOOL_CONVERSION = YES;
				CLANG_WARN_COMMA = YES;
				CLANG_WARN_CONSTANT_CONVERSION = YES;
				CLANG_WARN_DEPRECATED_OBJC_IMPLEMENTATIONS = YES;
				CLANG_WARN_DIRECT_OBJC_ISA_USAGE = YES_ERROR;
				CLANG_WARN_DOCUMENTATION_COMMENTS = YES;
				CLANG_WARN_EMPTY_BODY = YES;
				CLANG_WARN_ENUM_CONVERSION = YES;
				CLANG_WARN_INFINITE_RECURSION = YES;
				CLANG_WARN_INT_CONVERSION = YES;
				CLANG_WARN_NON_LITERAL_NULL_CONVERSION = YES;
				CLANG_WARN_OBJC_IMPLICIT_RETAIN_SELF = YES;
				CLANG_WARN_OBJC_LITERAL_CONVERSION = YES;
				CLANG_WARN_OBJC_ROOT_CLASS = YES_ERROR;
				CLANG_WARN_RANGE_LOOP_ANALYSIS = YES;
				CLANG_WARN_STRICT_PROTOTYPES = YES;
				CLANG_WARN_SUSPICIOUS_MOVE = YES;
				CLANG_WARN_UNGUARDED_AVAILABILITY = YES_AGGRESSIVE;
				CLANG_WARN_UNREACHABLE_CODE = YES;
				CLANG_WARN__DUPLICATE_METHOD_MATCH = YES;
				CODE_SIGN_IDENTITY = "iPhone Developer";
				COPY_PHASE_STRIP = NO;
				DEBUG_INFORMATION_FORMAT = dwarf;
				ENABLE_STRICT_OBJC_MSGSEND = YES;
				ENABLE_TESTABILITY = YES;
				GCC_C_LANGUAGE_STANDARD = gnu11;
				GCC_DYNAMIC_NO_PIC = NO;
				GCC_NO_COMMON_BLOCKS = YES;
				GCC_OPTIMIZATION_LEVEL = 0;
				GCC_PREPROCESSOR_DEFINITIONS = (
					"DEBUG=1",
					"$(inherited)",
				);
				GCC_WARN_64_TO_32_BIT_CONVERSION = YES;
				GCC_WARN_ABOUT_RETURN_TYPE = YES_ERROR;
				GCC_WARN_UNDECLARED_SELECTOR = YES;
				GCC_WARN_UNINITIALIZED_AUTOS = YES_AGGRESSIVE;
				GCC_WARN_UNUSED_FUNCTION = YES;
				GCC_WARN_UNUSED_VARIABLE = YES;
				IPHONEOS_DEPLOYMENT_TARGET = 11.2;
				MTL_ENABLE_DEBUG_INFO = YES;
				ONLY_ACTIVE_ARCH = YES;
				SDKROOT = iphoneos;
				SWIFT_ACTIVE_COMPILATION_CONDITIONS = DEBUG;
				SWIFT_OPTIMIZATION_LEVEL = "-Onone";
			};
			name = Debug;
		};
		5E19CCEF20573A0D00AF5BBF /* Release */ = {
			isa = XCBuildConfiguration;
			buildSettings = {
				ALWAYS_SEARCH_USER_PATHS = NO;
				CLANG_ANALYZER_NONNULL = YES;
				CLANG_ANALYZER_NUMBER_OBJECT_CONVERSION = YES_AGGRESSIVE;
				CLANG_CXX_LANGUAGE_STANDARD = "gnu++14";
				CLANG_CXX_LIBRARY = "libc++";
				CLANG_ENABLE_MODULES = YES;
				CLANG_ENABLE_OBJC_ARC = YES;
				CLANG_WARN_BLOCK_CAPTURE_AUTORELEASING = YES;
				CLANG_WARN_BOOL_CONVERSION = YES;
				CLANG_WARN_COMMA = YES;
				CLANG_WARN_CONSTANT_CONVERSION = YES;
				CLANG_WARN_DEPRECATED_OBJC_IMPLEMENTATIONS = YES;
				CLANG_WARN_DIRECT_OBJC_ISA_USAGE = YES_ERROR;
				CLANG_WARN_DOCUMENTATION_COMMENTS = YES;
				CLANG_WARN_EMPTY_BODY = YES;
				CLANG_WARN_ENUM_CONVERSION = YES;
				CLANG_WARN_INFINITE_RECURSION = YES;
				CLANG_WARN_INT_CONVERSION = YES;
				CLANG_WARN_NON_LITERAL_NULL_CONVERSION = YES;
				CLANG_WARN_OBJC_IMPLICIT_RETAIN_SELF = YES;
				CLANG_WARN_OBJC_LITERAL_CONVERSION = YES;
				CLANG_WARN_OBJC_ROOT_CLASS = YES_ERROR;
				CLANG_WARN_RANGE_LOOP_ANALYSIS = YES;
				CLANG_WARN_STRICT_PROTOTYPES = YES;
				CLANG_WARN_SUSPICIOUS_MOVE = YES;
				CLANG_WARN_UNGUARDED_AVAILABILITY = YES_AGGRESSIVE;
				CLANG_WARN_UNREACHABLE_CODE = YES;
				CLANG_WARN__DUPLICATE_METHOD_MATCH = YES;
				CODE_SIGN_IDENTITY = "iPhone Developer";
				COPY_PHASE_STRIP = NO;
				DEBUG_INFORMATION_FORMAT = "dwarf-with-dsym";
				ENABLE_NS_ASSERTIONS = NO;
				ENABLE_STRICT_OBJC_MSGSEND = YES;
				GCC_C_LANGUAGE_STANDARD = gnu11;
				GCC_NO_COMMON_BLOCKS = YES;
				GCC_WARN_64_TO_32_BIT_CONVERSION = YES;
				GCC_WARN_ABOUT_RETURN_TYPE = YES_ERROR;
				GCC_WARN_UNDECLARED_SELECTOR = YES;
				GCC_WARN_UNINITIALIZED_AUTOS = YES_AGGRESSIVE;
				GCC_WARN_UNUSED_FUNCTION = YES;
				GCC_WARN_UNUSED_VARIABLE = YES;
				IPHONEOS_DEPLOYMENT_TARGET = 11.2;
				MTL_ENABLE_DEBUG_INFO = NO;
				SDKROOT = iphoneos;
				SWIFT_OPTIMIZATION_LEVEL = "-Owholemodule";
				VALIDATE_PRODUCT = YES;
			};
			name = Release;
		};
		5E19CCF120573A0D00AF5BBF /* Debug */ = {
			isa = XCBuildConfiguration;
			baseConfigurationReference = 0386BE6D8781F6BB4C973E34 /* Pods-Beauty Cart.debug.xcconfig */;
			buildSettings = {
				ASSETCATALOG_COMPILER_APPICON_NAME = AppIcon;
				CLANG_ENABLE_MODULES = YES;
				CODE_SIGN_IDENTITY = "iPhone Distribution: ECA Internet (PTY) LTD";
				"CODE_SIGN_IDENTITY[sdk=iphoneos*]" = "iPhone Distribution: ECA Internet (PTY) LTD";
				CODE_SIGN_STYLE = Manual;
				DEVELOPMENT_TEAM = XG8766C4Q9;
				INFOPLIST_FILE = Ruka/Info.plist;
				IPHONEOS_DEPLOYMENT_TARGET = 10.0;
				LD_RUNPATH_SEARCH_PATHS = "$(inherited) @executable_path/Frameworks";
				PRODUCT_BUNDLE_IDENTIFIER = za.co.immediaenterprise.fabrik.bencap;
				PRODUCT_NAME = "$(TARGET_NAME)";
				PROVISIONING_PROFILE = "c86b7708-52f9-4e07-9e36-38cce027c3d3";
				PROVISIONING_PROFILE_SPECIFIER = "";
				SWIFT_OBJC_BRIDGING_HEADER = "Ruka/Controller/Ruka-Bridging-Header.h";
				SWIFT_OPTIMIZATION_LEVEL = "-Onone";
				SWIFT_VERSION = 4.2;
				TARGETED_DEVICE_FAMILY = "1,2";
			};
			name = Debug;
		};
		5E19CCF220573A0D00AF5BBF /* Release */ = {
			isa = XCBuildConfiguration;
			baseConfigurationReference = 0BD1ED8D51CFC45D7FE2CDFD /* Pods-Beauty Cart.release.xcconfig */;
			buildSettings = {
				ASSETCATALOG_COMPILER_APPICON_NAME = AppIcon;
				CLANG_ENABLE_MODULES = YES;
				CODE_SIGN_IDENTITY = "iPhone Distribution: ECA Internet (PTY) LTD";
				"CODE_SIGN_IDENTITY[sdk=iphoneos*]" = "iPhone Distribution: ECA Internet (PTY) LTD";
				CODE_SIGN_STYLE = Manual;
				DEVELOPMENT_TEAM = XG8766C4Q9;
				INFOPLIST_FILE = Ruka/Info.plist;
				IPHONEOS_DEPLOYMENT_TARGET = 10.0;
				LD_RUNPATH_SEARCH_PATHS = "$(inherited) @executable_path/Frameworks";
				PRODUCT_BUNDLE_IDENTIFIER = za.co.immediaenterprise.fabrik.bencap;
				PRODUCT_NAME = "$(TARGET_NAME)";
				PROVISIONING_PROFILE = "c86b7708-52f9-4e07-9e36-38cce027c3d3";
				PROVISIONING_PROFILE_SPECIFIER = "";
				SWIFT_OBJC_BRIDGING_HEADER = "Ruka/Controller/Ruka-Bridging-Header.h";
				SWIFT_VERSION = 4.2;
				TARGETED_DEVICE_FAMILY = "1,2";
			};
			name = Release;
		};
		5E19CCF420573A0D00AF5BBF /* Debug */ = {
			isa = XCBuildConfiguration;
			buildSettings = {
				ALWAYS_EMBED_SWIFT_STANDARD_LIBRARIES = YES;
				BUNDLE_LOADER = "$(TEST_HOST)";
				CLANG_ENABLE_MODULES = YES;
				CODE_SIGN_STYLE = Automatic;
				INFOPLIST_FILE = RukaTests/Info.plist;
				LD_RUNPATH_SEARCH_PATHS = "$(inherited) @executable_path/Frameworks @loader_path/Frameworks";
				PRODUCT_BUNDLE_IDENTIFIER = co.za.georgekapoya.ruka.RukaTests;
				PRODUCT_NAME = "$(TARGET_NAME)";
				SWIFT_OBJC_BRIDGING_HEADER = "Ruka/Controller/RukaTests-Bridging-Header.h";
				SWIFT_OPTIMIZATION_LEVEL = "-Onone";
				SWIFT_VERSION = 4.0;
				TARGETED_DEVICE_FAMILY = "1,2";
				TEST_HOST = "$(BUILT_PRODUCTS_DIR)/Ruka.app/Ruka";
			};
			name = Debug;
		};
		5E19CCF520573A0D00AF5BBF /* Release */ = {
			isa = XCBuildConfiguration;
			buildSettings = {
				ALWAYS_EMBED_SWIFT_STANDARD_LIBRARIES = YES;
				BUNDLE_LOADER = "$(TEST_HOST)";
				CLANG_ENABLE_MODULES = YES;
				CODE_SIGN_STYLE = Automatic;
				INFOPLIST_FILE = RukaTests/Info.plist;
				LD_RUNPATH_SEARCH_PATHS = "$(inherited) @executable_path/Frameworks @loader_path/Frameworks";
				PRODUCT_BUNDLE_IDENTIFIER = co.za.georgekapoya.ruka.RukaTests;
				PRODUCT_NAME = "$(TARGET_NAME)";
				SWIFT_OBJC_BRIDGING_HEADER = "Ruka/Controller/RukaTests-Bridging-Header.h";
				SWIFT_VERSION = 4.0;
				TARGETED_DEVICE_FAMILY = "1,2";
				TEST_HOST = "$(BUILT_PRODUCTS_DIR)/Ruka.app/Ruka";
			};
			name = Release;
		};
		5E19CCF720573A0D00AF5BBF /* Debug */ = {
			isa = XCBuildConfiguration;
			buildSettings = {
				ALWAYS_EMBED_SWIFT_STANDARD_LIBRARIES = YES;
				CODE_SIGN_STYLE = Automatic;
				INFOPLIST_FILE = RukaUITests/Info.plist;
				LD_RUNPATH_SEARCH_PATHS = "$(inherited) @executable_path/Frameworks @loader_path/Frameworks";
				PRODUCT_BUNDLE_IDENTIFIER = co.za.georgekapoya.ruka.RukaUITests;
				PRODUCT_NAME = "$(TARGET_NAME)";
				SWIFT_VERSION = 4.0;
				TARGETED_DEVICE_FAMILY = "1,2";
				TEST_TARGET_NAME = Ruka;
			};
			name = Debug;
		};
		5E19CCF820573A0D00AF5BBF /* Release */ = {
			isa = XCBuildConfiguration;
			buildSettings = {
				ALWAYS_EMBED_SWIFT_STANDARD_LIBRARIES = YES;
				CODE_SIGN_STYLE = Automatic;
				INFOPLIST_FILE = RukaUITests/Info.plist;
				LD_RUNPATH_SEARCH_PATHS = "$(inherited) @executable_path/Frameworks @loader_path/Frameworks";
				PRODUCT_BUNDLE_IDENTIFIER = co.za.georgekapoya.ruka.RukaUITests;
				PRODUCT_NAME = "$(TARGET_NAME)";
				SWIFT_VERSION = 4.0;
				TARGETED_DEVICE_FAMILY = "1,2";
				TEST_TARGET_NAME = Ruka;
			};
			name = Release;
		};
/* End XCBuildConfiguration section */

/* Begin XCConfigurationList section */
		5E19CCC020573A0C00AF5BBF /* Build configuration list for PBXProject "Ruka" */ = {
			isa = XCConfigurationList;
			buildConfigurations = (
				5E19CCEE20573A0D00AF5BBF /* Debug */,
				5E19CCEF20573A0D00AF5BBF /* Release */,
			);
			defaultConfigurationIsVisible = 0;
			defaultConfigurationName = Release;
		};
		5E19CCF020573A0D00AF5BBF /* Build configuration list for PBXNativeTarget "Beauty Cart" */ = {
			isa = XCConfigurationList;
			buildConfigurations = (
				5E19CCF120573A0D00AF5BBF /* Debug */,
				5E19CCF220573A0D00AF5BBF /* Release */,
			);
			defaultConfigurationIsVisible = 0;
			defaultConfigurationName = Release;
		};
		5E19CCF320573A0D00AF5BBF /* Build configuration list for PBXNativeTarget "RukaTests" */ = {
			isa = XCConfigurationList;
			buildConfigurations = (
				5E19CCF420573A0D00AF5BBF /* Debug */,
				5E19CCF520573A0D00AF5BBF /* Release */,
			);
			defaultConfigurationIsVisible = 0;
			defaultConfigurationName = Release;
		};
		5E19CCF620573A0D00AF5BBF /* Build configuration list for PBXNativeTarget "RukaUITests" */ = {
			isa = XCConfigurationList;
			buildConfigurations = (
				5E19CCF720573A0D00AF5BBF /* Debug */,
				5E19CCF820573A0D00AF5BBF /* Release */,
			);
			defaultConfigurationIsVisible = 0;
			defaultConfigurationName = Release;
		};
/* End XCConfigurationList section */

/* Begin XCVersionGroup section */
		5E19CCCF20573A0D00AF5BBF /* Ruka.xcdatamodeld */ = {
			isa = XCVersionGroup;
			children = (
				5E19CCD020573A0D00AF5BBF /* Ruka.xcdatamodel */,
			);
			currentVersion = 5E19CCD020573A0D00AF5BBF /* Ruka.xcdatamodel */;
			path = Ruka.xcdatamodeld;
			sourceTree = "<group>";
			versionGroupType = wrapper.xcdatamodel;
		};
/* End XCVersionGroup section */
	};
	rootObject = 5E19CCBD20573A0C00AF5BBF /* Project object */;
}
